version = 1
revision = 3
requires-python = ">=3.14"

[options]
exclude-newer = "0001-01-01T00:00:00Z" # This has no effect and is included for backwards compatibility when using relative exclude-newer values.
exclude-newer-span = "P3D"

[[package]]
name = "cfn-lint"
version = "1.57.0"
source = { registry = "https://pypi.org/simple" }
dependencies = [
    { name = "jsonpatch" },
    { name = "networkx" },
    { name = "pyyaml" },
    { name = "regex" },
    { name = "sympy" },
    { name = "typing-extensions" },
]
sdist = { url = "https://files.pythonhosted.org/packages/78/73/98d18ce1fbc2fba31ea38415faca85fe4f54f7d177a5dd9c7d4434dacca4/cfn_lint-1.57.0.tar.gz", hash = "sha256:0328f10652a3d3e8d3586f32d063c53bdd69d3b8b8f4cfa422bef241c6e0acc1", size = 4865987, upload-time = "2026-09-17T19:13:26.6Z" }
wheels = [
    { url = "https://files.pythonhosted.org/packages/0a/57/2428e059903aa6f0ab35cd4ce01e02d16b4bf804f33d99065df2c04d9aca/cfn_lint-1.57.0-py3-none-any.whl", hash = "sha256:9f4d66bc19fd1e021ee134557a33cc7552088945d40d0efa790feda037b66a34", size = 5425527, upload-time = "2026-09-17T19:13:24.381Z" },
]

[[package]]
name = "devbox"
version = "0.1.0"
source = { virtual = "." }

[package.dev-dependencies]
ci = [
    { name = "uv" },
]
dev = [
    { name = "cfn-lint" },
    { name = "yamllint" },
]

[package.metadata]

[package.metadata.requires-dev]
ci = [{ name = "uv", specifier = ">=0.12.17" }]
dev = [
    { name = "cfn-lint", specifier = ">=1.57.0" },
    { name = "yamllint", specifier = ">=1.38.0" },
]

[[package]]
name = "jsonpatch"
version = "1.33"
source = { registry = "https://pypi.org/simple" }
dependencies = [
    { name = "jsonpointer" },
]
sdist = { url = "https://files.pythonhosted.org/packages/42/78/18813351fe5d63acad16aec57f94ec2b70a09e53ca98145589e185423873/jsonpatch-1.33.tar.gz", hash = "sha256:9fcd4009c41e6d12348b4a0ff2563ba56a2923a7dfee731d004e212e1ee5030c", size = 21699, upload-time = "2023-06-26T12:07:29.144Z" }
wheels = [
    { url = "https://files.pythonhosted.org/packages/73/07/02e16ed01e04a374e644b575638ec7987ae846d25ad97bcc9945a3ee4b0e/jsonpatch-1.33-py2.py3-none-any.whl", hash = "sha256:0ae28c0cd062bbd8b8ecc26d7d164fbbea9652a1a3693f3b956c1eae5145dade", size = 12898, upload-time = "2023-06-16T21:01:28.466Z" },
]

[[package]]
name = "jsonpointer"
version = "3.1.1"
source = { registry = "https://pypi.org/simple" }
sdist = { url = "https://files.pythonhosted.org/packages/18/c7/af399a2e7a67fd18d63c40c5e62d3af4e67b836a2107468b6a5ea24c4304/jsonpointer-3.1.1.tar.gz", hash = "sha256:0b801c7db33a904024f6004d526dcc53bbb8a4a0f4e32bfd10beadf60adf1900", size = 9068, upload-time = "2026-03-23T22:32:32.458Z" }
wheels = [
    { url = "https://files.pythonhosted.org/packages/9e/6a/a83720e953b1682d2d109d3c2dbb0bc9bf28cc1cbc205be4ef4be5da709d/jsonpointer-3.1.1-py3-none-any.whl", hash = "sha256:8ff8b95779d071ba472cf5bc913028df06031797532f08a7d5b602d8b2a488ca", size = 7659, upload-time = "2026-03-23T22:32:31.568Z" },
]

[[package]]
name = "mpmath"
version = "1.3.0"
source = { registry = "https://pypi.org/simple" }
sdist = { url = "https://files.pythonhosted.org/packages/e0/47/dd32fa426cc72114383ac549964eecb20ecfd886d1e5ccf5340b55b02f57/mpmath-1.3.0.tar.gz", hash = "sha256:7a28eb2a9774d00c7bc92411c19a89209d5da7c4c9a9e227be8330a23a25b91f", size = 508106, upload-time = "2023-03-07T16:47:11.061Z" }
wheels = [
    { url = "https://files.pythonhosted.org/packages/43/e3/7d92a15f894aa0c9c4b49b8ee9ac9850d6e63b03c9c32c0367a13ae62209/mpmath-1.3.0-py3-none-any.whl", hash = "sha256:a0b2b9fe80bbcd81a6647ff13108738cfb482d481d826cc0e02f5b35e5c88d2c", size = 536198, upload-time = "2023-03-07T16:47:09.197Z" },
]

[[package]]
name = "networkx"
version = "3.7"
source = { registry = "https://pypi.org/simple" }
sdist = { url = "https://files.pythonhosted.org/packages/dc/76/3af777226b63a5e64a6b36b1ec5855c14e2b94a37096d4760e595fc43511/networkx-3.7.tar.gz", hash = "sha256:fd77a511bd90f39f3d016351345b52cf5319b813bdca01de3f755d3cca62e96a", size = 1866482, upload-time = "2026-09-21T16:45:16.974Z" }
wheels = [
    { url = "https://files.pythonhosted.org/packages/7e/cd/fe58041e9011f307c490e3e17dd48cc516448f7c698a3f2d9d9d65d7e6a8/networkx-3.7-py3-none-any.whl", hash = "sha256:e3fd2c13a7814cee3746340d8d7f8598a67f16a58bf47fb7f8793fab6efca1b0", size = 2142205, upload-time = "2026-09-21T16:45:14.609Z" },
]

[[package]]
name = "pathspec"
version = "1.1.1"
source = { registry = "https://pypi.org/simple" }
sdist = { url = "https://files.pythonhosted.org/packages/5a/82/42f767fc1c1143d6fd36efb827202a2d997a375e160a71eb2888a925aac1/pathspec-1.1.1.tar.gz", hash = "sha256:17db5ecd524104a120e173814c90367a96a98d07c45b2e10c2f3919fff91bf5a", size = 135180, upload-time = "2026-04-27T01:46:08.907Z" }
wheels = [
    { url = "https://files.pythonhosted.org/packages/f1/d9/7fb5aa316bc299258e68c73ba3bddbc499654a07f151cba08f6153988714/pathspec-1.1.1-py3-none-any.whl", hash = "sha256:a00ce642f577bf7f473932318056212bc4f8bfdf53128c78bbd5af0b9b20b189", size = 57328, upload-time = "2026-04-27T01:46:07.06Z" },
]

[[package]]
name = "pyyaml"
version = "6.0.3"
source = { registry = "https://pypi.org/simple" }
sdist = { url = "https://files.pythonhosted.org/packages/05/8e/961c0007c59b8dd7729d542c61a4d537767a59645b82a0b521206e1e25c2/pyyaml-6.0.3.tar.gz", hash = "sha256:d76623373421df22fb4cf8817020cbb7ef15c725b9d5e45f17e189bfc384190f", size = 130960, upload-time = "2025-09-25T21:33:16.546Z" }
wheels = [
    { url = "https://files.pythonhosted.org/packages/9d/8c/f4bd7f6465179953d3ac9bc44ac1a8a3e6122cf8ada906b4f96c60172d43/pyyaml-6.0.3-cp314-cp314-macosx_10_13_x86_64.whl", hash = "sha256:8d1fab6bb153a416f9aeb4b8763bc0f22a5586065f86f7664fc23339fc1c1fac", size = 181814, upload-time = "2025-09-25T21:32:35.712Z" },
    { url = "https://files.pythonhosted.org/packages/bd/9c/4d95bb87eb2063d20db7b60faa3840c1b18025517ae857371c4dd55a6b3a/pyyaml-6.0.3-cp314-cp314-macosx_11_0_arm64.whl", hash = "sha256:34d5fcd24b8445fadc33f9cf348c1047101756fd760b4dacb5c3e99755703310", size = 173809, upload-time = "2025-09-25T21:32:36.789Z" },
    { url = "https://files.pythonhosted.org/packages/92/b5/47e807c2623074914e29dabd16cbbdd4bf5e9b2db9f8090fa64411fc5382/pyyaml-6.0.3-cp314-cp314-manylinux2014_aarch64.manylinux_2_17_aarch64.manylinux_2_28_aarch64.whl", hash = "sha256:501a031947e3a9025ed4405a168e6ef5ae3126c59f90ce0cd6f2bfc477be31b7", size = 766454, upload-time = "2025-09-25T21:32:37.966Z" },
    { url = "https://files.pythonhosted.org/packages/02/9e/e5e9b168be58564121efb3de6859c452fccde0ab093d8438905899a3a483/pyyaml-6.0.3-cp314-cp314-manylinux2014_s390x.manylinux_2_17_s390x.manylinux_2_28_s390x.whl", hash = "sha256:b3bc83488de33889877a0f2543ade9f70c67d66d9ebb4ac959502e12de895788", size = 836355, upload-time = "2025-09-25T21:32:39.178Z" },
    { url = "https://files.pythonhosted.org/packages/88/f9/16491d7ed2a919954993e48aa941b200f38040928474c9e85ea9e64222c3/pyyaml-6.0.3-cp314-cp314-manylinux2014_x86_64.manylinux_2_17_x86_64.manylinux_2_28_x86_64.whl", hash = "sha256:c458b6d084f9b935061bc36216e8a69a7e293a2f1e68bf956dcd9e6cbcd143f5", size = 794175, upload-time = "2025-09-25T21:32:40.865Z" },
    { url = "https://files.pythonhosted.org/packages/dd/3f/5989debef34dc6397317802b527dbbafb2b4760878a53d4166579111411e/pyyaml-6.0.3-cp314-cp314-musllinux_1_2_aarch64.whl", hash = "sha256:7c6610def4f163542a622a73fb39f534f8c101d690126992300bf3207eab9764", size = 755228, upload-time = "2025-09-25T21:32:42.084Z" },
    { url = "https://files.pythonhosted.org/packages/d7/ce/af88a49043cd2e265be63d083fc75b27b6ed062f5f9fd6cdc223ad62f03e/pyyaml-6.0.3-cp314-cp314-musllinux_1_2_x86_64.whl", hash = "sha256:5190d403f121660ce8d1d2c1bb2ef1bd05b5f68533fc5c2ea899bd15f4399b35", size = 789194, upload-time = "2025-09-25T21:32:43.362Z" },
    { url = "https://files.pythonhosted.org/packages/23/20/bb6982b26a40bb43951265ba29d4c246ef0ff59c9fdcdf0ed04e0687de4d/pyyaml-6.0.3-cp314-cp314-win_amd64.whl", hash = "sha256:4a2e8cebe2ff6ab7d1050ecd59c25d4c8bd7e6f400f5f82b96557ac0abafd0ac", size = 156429, upload-time = "2025-09-25T21:32:57.844Z" },
    { url = "https://files.pythonhosted.org/packages/f4/f4/a4541072bb9422c8a883ab55255f918fa378ecf083f5b85e87fc2b4eda1b/pyyaml-6.0.3-cp314-cp314-win_arm64.whl", hash = "sha256:93dda82c9c22deb0a405ea4dc5f2d0cda384168e466364dec6255b293923b2f3", size = 143912, upload-time = "2025-09-25T21:32:59.247Z" },
    { url = "https://files.pythonhosted.org/packages/7c/f9/07dd09ae774e4616edf6cda684ee78f97777bdd15847253637a6f052a62f/pyyaml-6.0.3-cp314-cp314t-macosx_10_13_x86_64.whl", hash = "sha256:02893d100e99e03eda1c8fd5c441d8c60103fd175728e23e431db1b589cf5ab3", size = 189108, upload-time = "2025-09-25T21:32:44.377Z" },
    { url = "https://files.pythonhosted.org/packages/4e/78/8d08c9fb7ce09ad8c38ad533c1191cf27f7ae1effe5bb9400a46d9437fcf/pyyaml-6.0.3-cp314-cp314t-macosx_11_0_arm64.whl", hash = "sha256:c1ff362665ae507275af2853520967820d9124984e0f7466736aea23d8611fba", size = 183641, upload-time = "2025-09-25T21:32:45.407Z" },
    { url = "https://files.pythonhosted.org/packages/7b/5b/3babb19104a46945cf816d047db2788bcaf8c94527a805610b0289a01c6b/pyyaml-6.0.3-cp314-cp314t-manylinux2014_aarch64.manylinux_2_17_aarch64.manylinux_2_28_aarch64.whl", hash = "sha256:6adc77889b628398debc7b65c073bcb99c4a0237b248cacaf3fe8a557563ef6c", size = 831901, upload-time = "2025-09-25T21:32:48.83Z" },
    { url = "https://files.pythonhosted.org/packages/8b/cc/dff0684d8dc44da4d22a13f35f073d558c268780ce3c6ba1b87055bb0b87/pyyaml-6.0.3-cp314-cp314t-manylinux2014_s390x.manylinux_2_17_s390x.manylinux_2_28_s390x.whl", hash = "sha256:a80cb027f6b349846a3bf6d73b5e95e782175e52f22108cfa17876aaeff93702", size = 861132, upload-time = "2025-09-25T21:32:50.149Z" },
    { url = "https://files.pythonhosted.org/packages/b1/5e/f77dc6b9036943e285ba76b49e118d9ea929885becb0a29ba8a7c75e29fe/pyyaml-6.0.3-cp314-cp314t-manylinux2014_x86_64.manylinux_2_17_x86_64.manylinux_2_28_x86_64.whl", hash = "sha256:00c4bdeba853cc34e7dd471f16b4114f4162dc03e6b7afcc2128711f0eca823c", size = 839261, upload-time = "2025-09-25T21:32:51.808Z" },
    { url = "https://files.pythonhosted.org/packages/ce/88/a9db1376aa2a228197c58b37302f284b5617f56a5d959fd1763fb1675ce6/pyyaml-6.0.3-cp314-cp314t-musllinux_1_2_aarch64.whl", hash = "sha256:66e1674c3ef6f541c35191caae2d429b967b99e02040f5ba928632d9a7f0f065", size = 805272, upload-time = "2025-09-25T21:32:52.941Z" },
    { url = "https://files.pythonhosted.org/packages/da/92/1446574745d74df0c92e6aa4a7b0b3130706a4142b2d1a5869f2eaa423c6/pyyaml-6.0.3-cp314-cp314t-musllinux_1_2_x86_64.whl", hash = "sha256:16249ee61e95f858e83976573de0f5b2893b3677ba71c9dd36b9cf8be9ac6d65", size = 829923, upload-time = "2025-09-25T21:32:54.537Z" },
    { url = "https://files.pythonhosted.org/packages/f0/7a/1c7270340330e575b92f397352af856a8c06f230aa3e76f86b39d01b416a/pyyaml-6.0.3-cp314-cp314t-win_amd64.whl", hash = "sha256:4ad1906908f2f5ae4e5a8ddfce73c320c2a1429ec52eafd27138b7f1cbe341c9", size = 174062, upload-time = "2025-09-25T21:32:55.767Z" },
    { url = "https://files.pythonhosted.org/packages/f1/12/de94a39c2ef588c7e6455cfbe7343d3b2dc9d6b6b2f40c4c6565744c873d/pyyaml-6.0.3-cp314-cp314t-win_arm64.whl", hash = "sha256:ebc55a14a21cb14062aa4162f906cd962b28e2e9ea38f9b4391244cd8de4ae0b", size = 149341, upload-time = "2025-09-25T21:32:56.828Z" },
]

[[package]]
name = "regex"
version = "2026.9.10"
source = { registry = "https://pypi.org/simple" }
sdist = { url = "https://files.pythonhosted.org/packages/b9/5c/f403115361de25809e8f785686ec7096e30fef73be9ae35aa51da4e80abb/regex-2026.9.10.tar.gz", hash = "sha256:1e321e2c84f0e52c457f5ea5944f796d6e8e09cb99738ea98dcc1bfe402a128d", size = 417072, upload-time = "2026-09-09T21:00:21.521Z" }
wheels = [
    { url = "https://files.pythonhosted.org/packages/5c/ed/98e9b07d8bb9c765d07774f0b2c19b301b96d51f44630fea48951051c94e/regex-2026.9.10-cp314-cp314-macosx_10_15_universal2.whl", hash = "sha256:fd6bd89b9fc06018d35851cab0240adb7dd84d51941b19f6574ac90cd54e3ae5", size = 496662, upload-time = "2026-09-09T20:58:05.118Z" },
    { url = "https://files.pythonhosted.org/packages/ee/a8/9dfe9be48378b47c5a8f04b0f200ea225f9ee0f8e93f010433f661a37878/regex-2026.9.10-cp314-cp314-macosx_10_15_x86_64.whl", hash = "sha256:ef4c0a9dfdc90581b90b1b95a8c3d1557f8ff8f5a2a53536d26314de699d1468", size = 297115, upload-time = "2026-09-09T20:58:06.822Z" },
    { url = "https://files.pythonhosted.org/packages/2b/e4/5d1f005a3825ec49842ad349061c1c26e6d42f47ccf105e6e5aa6aeed392/regex-2026.9.10-cp314-cp314-macosx_11_0_arm64.whl", hash = "sha256:14caa05ce39ec70437af5aac8814c50ee6628f4a90353871c059692f448a164f", size = 291896, upload-time = "2026-09-09T20:58:08.675Z" },
    { url = "https://files.pythonhosted.org/packages/be/15/44ce83fca50c6058f42b62fa8300a8030eea7e4e5a973a2dd33db0f557fb/regex-2026.9.10-cp314-cp314-manylinux2014_aarch64.manylinux_2_17_aarch64.manylinux_2_28_aarch64.whl", hash = "sha256:3264132d576847ab5f88bb83e7debe67854bf165b3ea613bd467312b6099536a", size = 800534, upload-time = "2026-09-09T20:58:10.339Z" },
    { url = "https://files.pythonhosted.org/packages/af/6e/a62e070a5a033643b287489576f02ae6a9c584c337d62349e340a2b4d001/regex-2026.9.10-cp314-cp314-manylinux2014_ppc64le.manylinux_2_17_ppc64le.manylinux_2_28_ppc64le.whl", hash = "sha256:5cef9f3d14796500ea834c41dbe688f1f6b23c7024dc23e8a794d7ebaf5d71d0", size = 872038, upload-time = "2026-09-09T20:58:12.186Z" },
    { url = "https://files.pythonhosted.org/packages/f3/06/8b8e2483949b1329df10c5b615e85d332066deb426b11332b799629b9201/regex-2026.9.10-cp314-cp314-manylinux2014_s390x.manylinux_2_17_s390x.manylinux_2_28_s390x.whl", hash = "sha256:d278ad30ec83b6b9202685b0f80b741a51ea3ca7f0595ebda96e7628b6398876", size = 918927, upload-time = "2026-09-09T20:58:13.903Z" },
    { url = "https://files.pythonhosted.org/packages/bb/64/9b56f69100d3afdbc9c4fa6e302764f9cb717fbc06a9d50558d98ca89cd2/regex-2026.9.10-cp314-cp314-manylinux2014_x86_64.manylinux_2_17_x86_64.manylinux_2_28_x86_64.whl", hash = "sha256:05fb018cfe7144585fc83882405906ff84994a2d154afc2509ecc7752c51f864", size = 803694, upload-time = "2026-09-09T20:58:15.949Z" },
    { url = "https://files.pythonhosted.org/packages/07/43/d00d59a7c8fd0e070ae8457a8743597f45ad9682b100f57b9c9c405fbdfd/regex-2026.9.10-cp314-cp314-manylinux_2_31_riscv64.manylinux_2_39_riscv64.whl", hash = "sha256:6fd555fc9abef50c530869690b2daca054c8811a7aff632d11f9a7b2590b2742", size = 777770, upload-time = "2026-09-09T20:58:17.628Z" },
    { url = "https://files.pythonhosted.org/packages/46/6b/a11d0446484efbc9eb67abec133f254c6d66a1568b8f3fb36d39a73a1129/regex-2026.9.10-cp314-cp314-musllinux_1_2_aarch64.whl", hash = "sha256:8d5c4518235a2ec1611e57af85fa488d529c1106aacff12adadcedf8687012cd", size = 791234, upload-time = "2026-09-09T20:58:19.476Z" },
    { url = "https://files.pythonhosted.org/packages/12/09/bcd24e78b373fd4f98090caa43eade439223f6703b909be79b9efd9ab0ab/regex-2026.9.10-cp314-cp314-musllinux_1_2_ppc64le.whl", hash = "sha256:175cf49ce7a994c88b8f15e3cb17cdb66a48ebb2d36de736b8205033db950f89", size = 866259, upload-time = "2026-09-09T20:58:21.683Z" },
    { url = "https://files.pythonhosted.org/packages/8b/c6/c57ba5e94222a813260af4c17ced92d40cdb44737eb6b50979688310b6a3/regex-2026.9.10-cp314-cp314-musllinux_1_2_riscv64.whl", hash = "sha256:b71649169a9fcf30b395ee01047fa7ad6654a4c900ca75b23c04dedcce6a1f8c", size = 768219, upload-time = "2026-09-09T20:58:23.842Z" },
    { url = "https://files.pythonhosted.org/packages/7b/a2/3820037587d00901ace96c5864335c2cd1b899d5263ea0dd2261359e0bee/regex-2026.9.10-cp314-cp314-musllinux_1_2_s390x.whl", hash = "sha256:8ba1f78bd4fef2d8f84b894ec28ac3481afe6cc07aaa253ad4717ef7b3fe6bcb", size = 858582, upload-time = "2026-09-09T20:58:25.607Z" },
    { url = "https://files.pythonhosted.org/packages/47/f0/f9a838ca6219ae4821de0175e4548db73ef56de5ec08d032fb427732fa07/regex-2026.9.10-cp314-cp314-musllinux_1_2_x86_64.whl", hash = "sha256:217e98ba5fc8908ed8ffd4ebac04753a0c831067cbfb495b9821b94cc61eaa76", size = 791405, upload-time = "2026-09-09T20:58:27.406Z" },
    { url = "https://files.pythonhosted.org/packages/f7/bf/67d71cc4e13ae2e0022d21243ca069e0868701a99eb29cdecd13d356e694/regex-2026.9.10-cp314-cp314-win32.whl", hash = "sha256:b298cdc33c5cc6969ff07f0fba19cc73e0fd8576373c50935feadaca2f6b4405", size = 272702, upload-time = "2026-09-09T20:58:29.116Z" },
    { url = "https://files.pythonhosted.org/packages/c1/38/40a93e72703a741235115ed1b1e5f6b869917677b7643005034ce1611d70/regex-2026.9.10-cp314-cp314-win_amd64.whl", hash = "sha256:c32818b28bcd153b25b63038348a9fe9b9fbcddb60df43f204c3ab55eeb57f77", size = 281170, upload-time = "2026-09-09T20:58:30.899Z" },
    { url = "https://files.pythonhosted.org/packages/bf/ac/e95387f00617c16bb41b786d900bacd17eab88afa81b4f263df532b3a731/regex-2026.9.10-cp314-cp314-win_arm64.whl", hash = "sha256:75242f44a3e283106077be4ab717bc535e4701c9d54ad69e195945c22f137a1d", size = 281511, upload-time = "2026-09-09T20:58:32.594Z" },
    { url = "https://files.pythonhosted.org/packages/39/e5/a4b12262edc488a8a7a95b672db317dd8aa9bf2fab98297f9c91bb11ad4d/regex-2026.9.10-cp314-cp314t-macosx_10_15_universal2.whl", hash = "sha256:2dd9286093c71afc8f55ef035c5b9d2776641fd72c6535f1febc92d0b0be9666", size = 501128, upload-time = "2026-09-09T20:58:34.306Z" },
    { url = "https://files.pythonhosted.org/packages/55/c8/9ca31c0fa5197ded8614c8ae0e105bcff2d979025ffa3c75580baa334e2f/regex-2026.9.10-cp314-cp314t-macosx_10_15_x86_64.whl", hash = "sha256:71879292c9c7ac67b1680345b16daba1be937cb027362cfa04e68f65db2dcfdd", size = 299428, upload-time = "2026-09-09T20:58:36.296Z" },
    { url = "https://files.pythonhosted.org/packages/2b/d1/ee7662561735f90475443c3ca1977e5cecaeaa8f29620dec75580aebc839/regex-2026.9.10-cp314-cp314t-macosx_11_0_arm64.whl", hash = "sha256:5ccd139b2061132e7b265cfb4b4721baeb9f8928b81415304abf1ec7e3181c26", size = 294494, upload-time = "2026-09-09T20:58:37.964Z" },
    { url = "https://files.pythonhosted.org/packages/d9/b1/333168e45ed6cfe71f6d17e21e5f54725f44d171f84edd12469a2f739227/regex-2026.9.10-cp314-cp314t-manylinux2014_aarch64.manylinux_2_17_aarch64.manylinux_2_28_aarch64.whl", hash = "sha256:e7327795089ddb44912dce1434e1d7244be2e9fb48fcc2d6782936af7a3062db", size = 814925, upload-time = "2026-09-09T20:58:40.438Z" },
    { url = "https://files.pythonhosted.org/packages/bc/a5/df1b38536d0a3b24a030eb4130ce98b403cc925220ff530f5313a7c436eb/regex-2026.9.10-cp314-cp314t-manylinux2014_ppc64le.manylinux_2_17_ppc64le.manylinux_2_28_ppc64le.whl", hash = "sha256:ff4d7b14ea19e50c8d9d6d83f45bd9b45cbb624c07ac1fa54db0a019049abed7", size = 873323, upload-time = "2026-09-09T20:58:42.349Z" },
    { url = "https://files.pythonhosted.org/packages/93/ea/aa71fe62dd63a8336bbdec1ff002a6c53b40ccfca95961c18ee4f09bf03c/regex-2026.9.10-cp314-cp314t-manylinux2014_s390x.manylinux_2_17_s390x.manylinux_2_28_s390x.whl", hash = "sha256:4f0407474ffac8e5e89d93ca41d60891e29f0ab8423eb66ff292d850a86a0843", size = 923080, upload-time = "2026-09-09T20:58:44.488Z" },
    { url = "https://files.pythonhosted.org/packages/86/38/49f8d6fd34fc1a9c75b5b96364ebdde702a8144e5ed63d2213c58d454c27/regex-2026.9.10-cp314-cp314t-manylinux2014_x86_64.manylinux_2_17_x86_64.manylinux_2_28_x86_64.whl", hash = "sha256:1ad10a135fa0b4e4a462a61d07c6654d7518cfdb5cb8da08f9ff7d61384af1fe", size = 821284, upload-time = "2026-09-09T20:58:46.56Z" },
    { url = "https://files.pythonhosted.org/packages/32/45/91a977c96d4be13d1ade8208c260c26841c836d4c91745e1828a30589070/regex-2026.9.10-cp314-cp314t-manylinux_2_31_riscv64.manylinux_2_39_riscv64.whl", hash = "sha256:9fbd2e5d8002dc49a6129fb321ec51c57a025e752ed525ddce0ba9223c4350a7", size = 789256, upload-time = "2026-09-09T20:58:48.473Z" },
    { url = "https://files.pythonhosted.org/packages/2d/79/4d110bf01bf9651bf9b3f88a6d9fa7e643e0586921a18432b25a478edbfa/regex-2026.9.10-cp314-cp314t-musllinux_1_2_aarch64.whl", hash = "sha256:4a761ea45f2ad74c575ef5850ea514cef97302a552d3c7c9d1a1a870d4661d6c", size = 803722, upload-time = "2026-09-09T20:58:50.286Z" },
    { url = "https://files.pythonhosted.org/packages/e7/67/b587a0d3bbac2635309ed9c40c197120c39e1ec0afb8813cbed1338fdd75/regex-2026.9.10-cp314-cp314t-musllinux_1_2_ppc64le.whl", hash = "sha256:75aa39d3f4f1650eea84e46b0d8cefe77dd5478c10e3d0aaf0b0f00493475a7a", size = 870085, upload-time = "2026-09-09T20:58:52.224Z" },
    { url = "https://files.pythonhosted.org/packages/07/fc/0827bca20ddba1d70fa5111a2a64e6b6b38bfdab43fc435022b54172a111/regex-2026.9.10-cp314-cp314t-musllinux_1_2_riscv64.whl", hash = "sha256:f5c629df03adec31ee505dda3c8988f106c9390e4cbd343600036eb8b3d6724f", size = 776970, upload-time = "2026-09-09T20:58:54.478Z" },
    { url = "https://files.pythonhosted.org/packages/9b/03/ab9d08d30568ca868791bfb99551db60b947f05e2e65dcd1261e87083c21/regex-2026.9.10-cp314-cp314t-musllinux_1_2_s390x.whl", hash = "sha256:3a66e40a1a20de96a2fee00ed67e11012b62d85b277688258677fd19997addb7", size = 863611, upload-time = "2026-09-09T20:58:56.432Z" },
    { url = "https://files.pythonhosted.org/packages/5e/6d/8063ae86b543ae878a7d6e7ba21ebf0af4af06161230e0012e2d652320c6/regex-2026.9.10-cp314-cp314t-musllinux_1_2_x86_64.whl", hash = "sha256:968c1e33edd9a104d1bf24c8d476c72de7e3839ae7f894b37e9e4f4739fdeeca", size = 804064, upload-time = "2026-09-09T20:58:59.066Z" },
    { url = "https://files.pythonhosted.org/packages/c5/63/b19305c4b8d3d7867699f7d83c43550273d91a2f31793452d87edb1d259f/regex-2026.9.10-cp314-cp314t-win32.whl", hash = "sha256:fbc4e2f3cb7ce8436154e6483079e7d35eeb321a952fa936e180300630d8b873", size = 274607, upload-time = "2026-09-09T20:59:00.942Z" },
    { url = "https://files.pythonhosted.org/packages/32/b8/1695072a512a49060294024e23b945eeb87675b02c06e53a92a1b42b0bfd/regex-2026.9.10-cp314-cp314t-win_amd64.whl", hash = "sha256:c37fa93bf18bf4f90b01c0fa9f11ea567ee4b7dd8bf96e63663e5edc37aa38cf", size = 283944, upload-time = "2026-09-09T20:59:02.876Z" },
    { url = "https://files.pythonhosted.org/packages/a9/9f/65bac17f39991a67e22f8b3c849fdc02a56147c97029b5351494341959b4/regex-2026.9.10-cp314-cp314t-win_arm64.whl", hash = "sha256:ffc2da104e43db716ce30cef9f28049a1faa6aca385dd8771b033268d0730b07", size = 283780, upload-time = "2026-09-09T20:59:05.009Z" },
    { url = "https://files.pythonhosted.org/packages/67/ca/1d1f83bc2f8fff4f186266ac82d73254e686565530cec9ab5228fb5c63dc/regex-2026.9.10-cp315-cp315-macosx_10_15_universal2.whl", hash = "sha256:6afcad14310f1311d077553ed374b42a5e538f85a8c884b4e38e52de091c8077", size = 496869, upload-time = "2026-09-09T20:59:07.051Z" },
    { url = "https://files.pythonhosted.org/packages/33/42/4217510286501a2ebcd372b781b4754ac961e043fa13ef8dce803c44d89c/regex-2026.9.10-cp315-cp315-macosx_10_15_x86_64.whl", hash = "sha256:3fb4ae8cf83ef4e9addd43b2da31a9f45be816a8036fae8af59c8998b72718e2", size = 297121, upload-time = "2026-09-09T20:59:09.007Z" },
    { url = "https://files.pythonhosted.org/packages/55/a7/595468ed0bbccd94be92c6b5d67736ba128b204d942429a8485c2693914d/regex-2026.9.10-cp315-cp315-macosx_11_0_arm64.whl", hash = "sha256:f7d4656e17ab736e9415a6442a345bfc97bb8b7dcce47884bb74a37f70f08d0c", size = 292139, upload-time = "2026-09-09T20:59:10.859Z" },
    { url = "https://files.pythonhosted.org/packages/29/1c/ac92c123e0ab9bea75a904272171b356940bd6139e4a35de44f2254dca8f/regex-2026.9.10-cp315-cp315-manylinux2014_aarch64.manylinux_2_17_aarch64.manylinux_2_28_aarch64.whl", hash = "sha256:35ba3bab0c45079735f55ac61526774de1d84bc4a0333cc554e1a4ab74913924", size = 802375, upload-time = "2026-09-09T20:59:12.823Z" },
    { url = "https://files.pythonhosted.org/packages/8d/16/d349f6fa9f908162359004e4f067353a0146e8074d24989490778244be44/regex-2026.9.10-cp315-cp315-manylinux2014_ppc64le.manylinux_2_17_ppc64le.manylinux_2_28_ppc64le.whl", hash = "sha256:ff6b3267318661dfddf6b3628663e00e5946bd0a5c8fa678537a1401f0388f91", size = 872328, upload-time = "2026-09-09T20:59:15.352Z" },
    { url = "https://files.pythonhosted.org/packages/df/81/251b5aef23147057e926346fdb7c8c352d0568f65a492e4e9eb6120f6446/regex-2026.9.10-cp315-cp315-manylinux2014_s390x.manylinux_2_17_s390x.manylinux_2_28_s390x.whl", hash = "sha256:030fa9e23624e39b3b94e46b90a5abd1a1678eb2f58fcdd3fd6c27526bf91c7e", size = 919594, upload-time = "2026-09-09T20:59:17.31Z" },
    { url = "https://files.pythonhosted.org/packages/d0/6e/1f25319dc1b9cf4b7ffa303f3d16ca53260fe92aff45e81aa1b3c6c7cba2/regex-2026.9.10-cp315-cp315-manylinux2014_x86_64.manylinux_2_17_x86_64.manylinux_2_28_x86_64.whl", hash = "sha256:1fbc8314436353e097c050e11b01a6c11433579437ed0579730157676ef59e2f", size = 807394, upload-time = "2026-09-09T20:59:19.328Z" },
    { url = "https://files.pythonhosted.org/packages/cc/fc/3da6b3dffddf12d5e96cbbe6f5e65ebcd64f92e3388a6690a53e0878232d/regex-2026.9.10-cp315-cp315-manylinux_2_31_riscv64.manylinux_2_39_riscv64.whl", hash = "sha256:7e6c0b5ec6ddee4032247585dc491b0fa58627745b66a705728703a3f0331231", size = 786018, upload-time = "2026-09-09T20:59:21.592Z" },
    { url = "https://files.pythonhosted.org/packages/bb/6f/1cc86dafddc912ef44c5ccd4f729060be8c6735600932664eb6d0e25469b/regex-2026.9.10-cp315-cp315-musllinux_1_2_aarch64.whl", hash = "sha256:bf29611e5376fec8f795879bb5c6153a76c3a292573d173c26784042b01eb840", size = 793504, upload-time = "2026-09-09T20:59:23.734Z" },
    { url = "https://files.pythonhosted.org/packages/b1/cb/11692e29388d006211163627fcefa0c79917ab9f94d46a1b2254fe5efc81/regex-2026.9.10-cp315-cp315-musllinux_1_2_ppc64le.whl", hash = "sha256:ec8855f08c17895a26fbf5f19ed829722e19b34a96629e49a43c92974924026b", size = 866766, upload-time = "2026-09-09T20:59:25.798Z" },
    { url = "https://files.pythonhosted.org/packages/5d/78/3631df969830f94d83fcfc5fc71a7b39caad905e18f7b17350a94135d625/regex-2026.9.10-cp315-cp315-musllinux_1_2_riscv64.whl", hash = "sha256:94c5ce3bc41d226b4eb89ca3f842b2e28c031487fb1f34eb2153d98235831325", size = 775825, upload-time = "2026-09-09T20:59:28.51Z" },
    { url = "https://files.pythonhosted.org/packages/4e/8a/762892a8e3e21d119eacaffde848aa247e6cf4e1d90c46011671e86b1b9e/regex-2026.9.10-cp315-cp315-musllinux_1_2_s390x.whl", hash = "sha256:9ce239acb15843ab03976626af810a4424b0409689ec2bbc52088ab5479ab487", size = 858901, upload-time = "2026-09-09T20:59:30.656Z" },
    { url = "https://files.pythonhosted.org/packages/3f/f0/78048fada5c2f61d795efb26ea24f820a5564c4aa26574920284d45cd656/regex-2026.9.10-cp315-cp315-musllinux_1_2_x86_64.whl", hash = "sha256:c22df8dd6373bbe3898e77429ffc85594300e39d752fd0e68a31e59d37899376", size = 796208, upload-time = "2026-09-09T20:59:32.852Z" },
    { url = "https://files.pythonhosted.org/packages/aa/58/632681f7b9aaa3d83b40e5862ba46364a453c8eb2bc7d43fece3dc31f972/regex-2026.9.10-cp315-cp315-win32.whl", hash = "sha256:1aa309ab7ba89a62d6cf70dbd38d4176440bce3c7001ab86256704cf4c18c6eb", size = 272704, upload-time = "2026-09-09T20:59:34.927Z" },
    { url = "https://files.pythonhosted.org/packages/5d/64/81cce28754c37037b1fe740b6d7a556d51d97cf935ea4547bfab104f43f7/regex-2026.9.10-cp315-cp315-win_amd64.whl", hash = "sha256:58da726d3e766c0b3f5a3997dfaf0275898a1107b8191cdd6b0437fe45fd817d", size = 281182, upload-time = "2026-09-09T20:59:36.86Z" },
    { url = "https://files.pythonhosted.org/packages/33/28/5a13a340c9c759e863a0e7f765d323601d03d6538c8a627ed628662e083b/regex-2026.9.10-cp315-cp315-win_arm64.whl", hash = "sha256:75f9297b16fcb588a1f8d8a55dabef3c0c20b0c7bac43c87ceaaaf1a825c12f4", size = 281512, upload-time = "2026-09-09T20:59:38.875Z" },
    { url = "https://files.pythonhosted.org/packages/f7/38/a3caebcd5105be90708071db20bd261b0961b8ea4fe5e8be45c2632519b5/regex-2026.9.10-cp315-cp315t-macosx_10_15_universal2.whl", hash = "sha256:1270cdec69248592bbe38a0b263ed58d907b891bd2b93703e225c317e421bda1", size = 501336, upload-time = "2026-09-09T20:59:40.987Z" },
    { url = "https://files.pythonhosted.org/packages/ee/b5/ec8887b2658bf0a5df143c7c1fcd562b0abd2fa208c04ebf15c6607c9bb2/regex-2026.9.10-cp315-cp315t-macosx_10_15_x86_64.whl", hash = "sha256:681ed38664b64c6617d3c3c332018d1948c77e139c5ea667c1886efa671e426f", size = 299318, upload-time = "2026-09-09T20:59:43.039Z" },
    { url = "https://files.pythonhosted.org/packages/d5/58/84724a9eccf6e8cd46f7e4534576093e2476a5eeb55e2453aa6606e86059/regex-2026.9.10-cp315-cp315t-macosx_11_0_arm64.whl", hash = "sha256:8e127d9a80cbf1c3276bb465c6d047e8705e97b58c2b8f2f0c0a69c336b44b37", size = 294847, upload-time = "2026-09-09T20:59:44.954Z" },
    { url = "https://files.pythonhosted.org/packages/50/03/70ccc5e53905984abf8eab63eebd3ce740522ef8c8d392622b64d79ef290/regex-2026.9.10-cp315-cp315t-manylinux2014_aarch64.manylinux_2_17_aarch64.manylinux_2_28_aarch64.whl", hash = "sha256:990797e765d89a423880052c68b61c31afe701de94a8c060f61c40605ca6c727", size = 814359, upload-time = "2026-09-09T20:59:47.194Z" },
    { url = "https://files.pythonhosted.org/packages/29/53/40f7a11ec547e4a947883c9d5e8a075f6d4f59af2b8dbcaa8bf5b504aca0/regex-2026.9.10-cp315-cp315t-manylinux2014_ppc64le.manylinux_2_17_ppc64le.manylinux_2_28_ppc64le.whl", hash = "sha256:e5e4a6e0734a685d13b9685622bb503bdbb2927f8b0df025a5085f0ea067475b", size = 875586, upload-time = "2026-09-09T20:59:49.537Z" },
    { url = "https://files.pythonhosted.org/packages/0b/9d/83f3e022d99ce601727c4ef5f7b527753901ce4509ed89a1bb6a2263380a/regex-2026.9.10-cp315-cp315t-manylinux2014_s390x.manylinux_2_17_s390x.manylinux_2_28_s390x.whl", hash = "sha256:63bb62cf62217dc38c8a6b2b61b165b0e4eb8fa93b0aba12139251c0986a8fa3", size = 920990, upload-time = "2026-09-09T20:59:51.776Z" },
    { url = "https://files.pythonhosted.org/packages/b2/64/dfdb367d8f4f5c9b8ccb4b59789c2ce996f2c69c3b8192aa986fe7d92ec4/regex-2026.9.10-cp315-cp315t-manylinux2014_x86_64.manylinux_2_17_x86_64.manylinux_2_28_x86_64.whl", hash = "sha256:cb76a9c4e07a6a47849726af0ed14c41741a182f097f134a8cf29c1bc0f4dde8", size = 818660, upload-time = "2026-09-09T20:59:54.428Z" },
    { url = "https://files.pythonhosted.org/packages/88/a6/fb7d0b64487913845834f319aa84f8377d55305958a5db7e19c128798366/regex-2026.9.10-cp315-cp315t-manylinux_2_31_riscv64.manylinux_2_39_riscv64.whl", hash = "sha256:31e4df2b11d48f61d511019bc1ee9b477055f17c352b68fe72db7a98b14d603c", size = 794976, upload-time = "2026-09-09T20:59:56.799Z" },
    { url = "https://files.pythonhosted.org/packages/3e/1c/23484edaae387ea0d31f4d414463211e3516c8aa210ce8d0640f5aff3502/regex-2026.9.10-cp315-cp315t-musllinux_1_2_aarch64.whl", hash = "sha256:cf377960d2ac37d987394a9dbaa75e91338c41a46d41e1d25e90125e7b3ee2dc", size = 804081, upload-time = "2026-09-09T20:59:59.39Z" },
    { url = "https://files.pythonhosted.org/packages/d5/e1/e30d138f13aecec99ea9aecef7e31563de6ec6a2f5ce1d65fc506aee33fe/regex-2026.9.10-cp315-cp315t-musllinux_1_2_ppc64le.whl", hash = "sha256:c8fbd9cb30c68c1686b94029b9ef845d5870d3d65baf66cb126b676849b9d72b", size = 870430, upload-time = "2026-09-09T21:00:03.304Z" },
    { url = "https://files.pythonhosted.org/packages/53/dc/81f9ce86f7ae4f57901543597c95751fa01c41a672ec1636dd913f8a000a/regex-2026.9.10-cp315-cp315t-musllinux_1_2_riscv64.whl", hash = "sha256:53e182b6b04d0011909b47d51a2d72d908de07c7b1c7f16b3adda2204d723bc1", size = 783327, upload-time = "2026-09-09T21:00:05.68Z" },
    { url = "https://files.pythonhosted.org/packages/a9/1b/d7bf8f91534740f6a8ca17e5ac9c5337903baf527c8de240fbac1bbedfd0/regex-2026.9.10-cp315-cp315t-musllinux_1_2_s390x.whl", hash = "sha256:0aa7589394230e0f0a422ab6b90841ff12c87e855e7aaf75d192a54a5f124548", size = 860874, upload-time = "2026-09-09T21:00:08.41Z" },
    { url = "https://files.pythonhosted.org/packages/9a/1d/52cc88364aca7c9013dfe9abe0fea67f8d394efe384d07798300a6e2f27d/regex-2026.9.10-cp315-cp315t-musllinux_1_2_x86_64.whl", hash = "sha256:1b891f77554bff991804cee24b78b40789f7d5993a24c7907bc7025fd2a70c8d", size = 806705, upload-time = "2026-09-09T21:00:10.768Z" },
    { url = "https://files.pythonhosted.org/packages/cb/51/37a194df7707f92f33173260ba7b221d4ec376419a53babaec50019a2804/regex-2026.9.10-cp315-cp315t-win32.whl", hash = "sha256:5bef622850cf760154719d4e0d74b0a855962432995168e250069899ae12fe8f", size = 274780, upload-time = "2026-09-09T21:00:14.003Z" },
    { url = "https://files.pythonhosted.org/packages/77/12/3227a52970d90908b230f15b2c86df903f49ac72c9eedf4f6e8b5bb5e1a7/regex-2026.9.10-cp315-cp315t-win_amd64.whl", hash = "sha256:07b45ba5c94b8fcb30cb6c56a11f715c57533a3017964504322ea52690a27b72", size = 283936, upload-time = "2026-09-09T21:00:16.275Z" },
    { url = "https://files.pythonhosted.org/packages/f3/bc/c567c5a61671f04d30e83f20b496b465432879196574d051007285576205/regex-2026.9.10-cp315-cp315t-win_arm64.whl", hash = "sha256:f70b9f0e39c2dba1d9da6bf7ef7c377cad7277f8440e9a69be05ede529ff024c", size = 283747, upload-time = "2026-09-09T21:00:19.113Z" },
]

[[package]]
name = "sympy"
version = "1.14.0"
source = { registry = "https://pypi.org/simple" }
dependencies = [
    { name = "mpmath" },
]
sdist = { url = "https://files.pythonhosted.org/packages/83/d3/803453b36afefb7c2bb238361cd4ae6125a569b4db67cd9e79846ba2d68c/sympy-1.14.0.tar.gz", hash = "sha256:d3d3fe8df1e5a0b42f0e7bdf50541697dbe7d23746e894990c030e2b05e72517", size = 7793921, upload-time = "2025-04-27T18:05:01.611Z" }
wheels = [
    { url = "https://files.pythonhosted.org/packages/a2/09/77d55d46fd61b4a135c444fc97158ef34a095e5681d0a6c10b75bf356191/sympy-1.14.0-py3-none-any.whl", hash = "sha256:e091cc3e99d2141a0ba2847328f5479b05d94a6635cb96148ccb3f34671bd8f5", size = 6299353, upload-time = "2025-04-27T18:04:59.103Z" },
]

[[package]]
name = "typing-extensions"
version = "4.16.0"
source = { registry = "https://pypi.org/simple" }
sdist = { url = "https://files.pythonhosted.org/packages/f6/cc/6253133b5bb138fc3306cebfbda2c520f545d36b5be2c7255cc528bb45d6/typing_extensions-4.16.0.tar.gz", hash = "sha256:dc983d19a509c94dba722ee6abd33940f7c05a89e243c47e907eb4db6f1a43e5", size = 113555, upload-time = "2026-07-02T08:40:05.92Z" }
wheels = [
    { url = "https://files.pythonhosted.org/packages/49/d3/b8441a820a491ddfc024b0b0cf0393375b75ea13866d9c66727e54c2fc80/typing_extensions-4.16.0-py3-none-any.whl", hash = "sha256:481caa481374e813c1b176ada14e97f1f67a4539ce9cfeb3f350d78d6370c2e8", size = 45571, upload-time = "2026-07-02T08:40:04.659Z" },
]

[[package]]
name = "uv"
version = "0.12.17"
source = { registry = "https://pypi.org/simple" }
sdist = { url = "https://files.pythonhosted.org/packages/36/92/fdbfeaa4780225599dea2e296084f9ed8515603aa28f309722c2aeee2879/uv-0.12.17.tar.gz", hash = "sha256:f30039ef02efce420dfb0515ee1295cd87ede16f6e2ea08f19b0c6917d7e6a16", size = 7081134, upload-time = "2026-09-18T18:57:40.101Z" }
wheels = [
    { url = "https://files.pythonhosted.org/packages/c2/16/ceff7f6b0925b4670749914b7f37a6f21d9911c3b3b6147ddd22bb581de8/uv-0.12.17-py3-none-linux_armv6l.whl", hash = "sha256:4f1388538170cc50f5e92f7eae99490bb402ceb0f327b23c0aa9433f3049144d", size = 22537511, upload-time = "2026-09-18T18:56:51.264Z" },
    { url = "https://files.pythonhosted.org/packages/e9/14/caf9651b360d432e04bd682af98cf27011d5f80724d1756c152294d8df69/uv-0.12.17-py3-none-macosx_10_12_x86_64.whl", hash = "sha256:66d89d88ca5c9539ba09bbc1edf0247d38ee5ad6b2481d8922efa33079d9e130", size = 20789390, upload-time = "2026-09-18T18:56:54.739Z" },
    { url = "https://files.pythonhosted.org/packages/3d/1f/b617a27538bf631e488e2918f02dc22c210ce095baa01e50a3f85cf29621/uv-0.12.17-py3-none-macosx_11_0_arm64.whl", hash = "sha256:c33d2fb4fb407678e2da3907376e7f5a7a38ae11e53d608bb7be70c1ecb6f223", size = 17048472, upload-time = "2026-09-18T18:56:57.291Z" },
    { url = "https://files.pythonhosted.org/packages/67/2c/46294bc95ab589c1159946bf9a2baabe7f96d8ec95b16f6e8a156a9a9b2e/uv-0.12.17-py3-none-manylinux_2_17_aarch64.manylinux2014_aarch64.musllinux_1_1_aarch64.whl", hash = "sha256:eea6e1b0eb66d7f058312239a6863dd32ee0dd4da7fc08626ac85468e3d7bca6", size = 21982025, upload-time = "2026-09-18T18:56:59.897Z" },
    { url = "https://files.pythonhosted.org/packages/13/86/878aaf2d538e875c2511ce8709055cdc672982d55e5e07d57c52b04622ff/uv-0.12.17-py3-none-manylinux_2_17_armv7l.manylinux2014_armv7l.musllinux_1_1_armv7l.whl", hash = "sha256:2e45d48d847fd76152a985f0b5e5679539a888c88a10ac48f43d6f349ac3b7e2", size = 22052507, upload-time = "2026-09-18T18:57:02.373Z" },
    { url = "https://files.pythonhosted.org/packages/d0/ed/21daeec0b7d600b72cebba410b4bdd916169581e54336e3e802521593752/uv-0.12.17-py3-none-manylinux_2_17_armv7l.manylinux2014_armv7l.whl", hash = "sha256:db57a703cb9d871a84d4d794fedf2117ac228014a76694bced2d1c6fce90fd5f", size = 22111735, upload-time = "2026-09-18T18:57:05.057Z" },
    { url = "https://files.pythonhosted.org/packages/44/4b/c9b934752496c14056c74f8e796c83df063ca124f2936d03beddb367c761/uv-0.12.17-py3-none-manylinux_2_17_i686.manylinux2014_i686.whl", hash = "sha256:d8979ca62f7e0087323a7111236182b17f67c31fe095b005562dfdaf0505de94", size = 22750316, upload-time = "2026-09-18T18:57:07.569Z" },
    { url = "https://files.pythonhosted.org/packages/9a/06/e66ee331264c1e3547a81cff25ef80385ab6a55e5beef24718d8fe0fd74e/uv-0.12.17-py3-none-manylinux_2_17_ppc64le.manylinux2014_ppc64le.whl", hash = "sha256:e926f1aa9832208a071e3e2dc3d3cf66bb75d37dce7891633943a320cc0b37b7", size = 24198316, upload-time = "2026-09-18T18:57:10.168Z" },
    { url = "https://files.pythonhosted.org/packages/98/e1/ec021394d13a84e525ac25c041c29e828b67efc1b873ee488e6fea42da01/uv-0.12.17-py3-none-manylinux_2_17_s390x.manylinux2014_s390x.whl", hash = "sha256:71b20540459e1ab435a583bbd91f3cfc40766c0604c9643a9bd5ccfb16bbeb7c", size = 23788098, upload-time = "2026-09-18T18:57:12.769Z" },
    { url = "https://files.pythonhosted.org/packages/0d/8d/e45565a046bd2592b75cb96fded9a7ab0cd6d470152fec713c82ee83ddbb/uv-0.12.17-py3-none-manylinux_2_17_x86_64.manylinux2014_x86_64.whl", hash = "sha256:9e25bb39e1674799c408345a6397ebc2c7c719d498be0ce9d935466d36ceacf5", size = 20398710, upload-time = "2026-09-18T18:57:15.84Z" },
    { url = "https://files.pythonhosted.org/packages/95/ce/e888461d4a7bc83eb495301caf5b8ddba67c782a2ab610d035606eba6684/uv-0.12.17-py3-none-manylinux_2_28_aarch64.whl", hash = "sha256:e2bc5ec70e395fc5769becd1b81f6cedc66d23ccaf1392743f0f8c9cfe81b18c", size = 19832810, upload-time = "2026-09-18T18:57:18.723Z" },
    { url = "https://files.pythonhosted.org/packages/ab/2f/a283d05b4ec3ce6d1e7b951b6fbf4ebab8182edf04f21a2c7ec0e0c59888/uv-0.12.17-py3-none-manylinux_2_31_riscv64.musllinux_1_1_riscv64.whl", hash = "sha256:3e002a33a6ba58a4250a48266cbd4f7852b80b24407b076475ef8b9b2022d7a4", size = 22898531, upload-time = "2026-09-18T18:57:21.147Z" },
    { url = "https://files.pythonhosted.org/packages/1e/a3/5b27952e37b9328acb844a3f4c3ab08732abe0160c1d68e9ba765be85c4d/uv-0.12.17-py3-none-manylinux_2_31_riscv64.whl", hash = "sha256:0a1769a605844705d75f26495a8e3bd1146637872283b3490b7b988a48814b7e", size = 23014257, upload-time = "2026-09-18T18:57:23.527Z" },
    { url = "https://files.pythonhosted.org/packages/07/8f/cb494df2ee7a5a15351d349ade7b3d999ee7f2a070e32189177d85c31087/uv-0.12.17-py3-none-musllinux_1_1_i686.whl", hash = "sha256:f766d9f33f8c7960a7b55e7141c86b4ff8567a5150f2dc240e39610697f8cf9b", size = 21894969, upload-time = "2026-09-18T18:57:25.99Z" },
    { url = "https://files.pythonhosted.org/packages/19/86/865f50508e518fe03e9ad9f87c6ede0e2cc53155be6b2273ebe53f2977c6/uv-0.12.17-py3-none-musllinux_1_1_x86_64.whl", hash = "sha256:8e161c9f57c31945caa3a8949116b84b006337e5f33d545d25fafffcfa6c4b6a", size = 23269996, upload-time = "2026-09-18T18:57:28.541Z" },
    { url = "https://files.pythonhosted.org/packages/70/56/1089ccc7b62de05eced9a1fb6ffca6c554e2b758ce6cda6c4c50ca10089a/uv-0.12.17-py3-none-win32.whl", hash = "sha256:c5f5dcdce504028c4946cb2992113cafb4bb15276c57346cbb4ffd93dd19eeca", size = 19858830, upload-time = "2026-09-18T18:57:32.775Z" },
    { url = "https://files.pythonhosted.org/packages/54/19/1d5009571cecd0b1c4260823e95dc0c11ccc9429ad0a7cadebab855886cc/uv-0.12.17-py3-none-win_amd64.whl", hash = "sha256:7a14aafc5d5816cebfb8b61b8529fe6f9b99210363523fe2a9d441e757bd3cb7", size = 18001212, upload-time = "2026-09-18T18:57:35.204Z" },
    { url = "https://files.pythonhosted.org/packages/6a/48/ded1dc765921d023e6551355711dcd9b076cd065d8f4425d08a17e4aea00/uv-0.12.17-py3-none-win_arm64.whl", hash = "sha256:c900ee8de1d2294b08e81271b7635947c7ab6df74023b78caddf9a41038003f2", size = 19283768, upload-time = "2026-09-18T18:57:37.701Z" },
]

[[package]]
name = "yamllint"
version = "1.38.0"
source = { registry = "https://pypi.org/simple" }
dependencies = [
    { name = "pathspec" },
    { name = "pyyaml" },
]
sdist = { url = "https://files.pythonhosted.org/packages/28/a0/8fc2d68e132cf918f18273fdc8a1b8432b60d75ac12fdae4b0ef5c9d2e8d/yamllint-1.38.0.tar.gz", hash = "sha256:09e5f29531daab93366bb061e76019d5e91691ef0a40328f04c927387d1d364d", size = 142446, upload-time = "2026-01-13T07:47:53.276Z" }
wheels = [
    { url = "https://files.pythonhosted.org/packages/05/92/aed08e68de6e6a3d7c2328ce7388072cd6affc26e2917197430b646aed02/yamllint-1.38.0-py3-none-any.whl", hash = "sha256:fc394a5b3be980a4062607b8fdddc0843f4fa394152b6da21722f5d59013c220", size = 68940, upload-time = "2026-01-13T07:47:51.343Z" },
]
