version = 1
revision = 3
requires-python = ">=3.14"

[options]
exclude-newer = "0001-01-01T00:00:00Z" # This has no effect and is included for backwards compatibility when using relative exclude-newer values.
exclude-newer-span = "P3D"

[[package]]
name = "cfn-lint"
version = "1.55.1"
source = { registry = "https://pypi.org/simple" }
dependencies = [
    { name = "jsonpatch" },
    { name = "networkx" },
    { name = "pyyaml" },
    { name = "regex" },
    { name = "sympy" },
    { name = "typing-extensions" },
]
sdist = { url = "https://files.pythonhosted.org/packages/04/85/37d9d1dc05cb00ab870e9fd424b334c94a4703bae48533ecc56e2feb28a6/cfn_lint-1.55.1.tar.gz", hash = "sha256:1e870ec3dfad17bf2cf164decba961551aed00a3eb3e51182eca6987eddb5562", size = 4646651, upload-time = "2026-08-13T17:15:11.736Z" }
wheels = [
    { url = "https://files.pythonhosted.org/packages/46/10/c0e57bb3864b7670fe21730fab920d8cc6673d944db63108fdae3065659a/cfn_lint-1.55.1-py3-none-any.whl", hash = "sha256:4de4ced80c898ce0753b64fc5707bebf011601eb2d027d95e2ab3f91692b99d8", size = 5174710, upload-time = "2026-08-13T17:15:09.782Z" },
]

[[package]]
name = "devbox"
version = "0.1.0"
source = { virtual = "." }

[package.dev-dependencies]
ci = [
    { name = "uv" },
]
dev = [
    { name = "cfn-lint" },
    { name = "yamllint" },
]

[package.metadata]

[package.metadata.requires-dev]
ci = [{ name = "uv", specifier = ">=0.12.7" }]
dev = [
    { name = "cfn-lint", specifier = ">=1.55.1" },
    { name = "yamllint", specifier = ">=1.38.0" },
]

[[package]]
name = "jsonpatch"
version = "1.33"
source = { registry = "https://pypi.org/simple" }
dependencies = [
    { name = "jsonpointer" },
]
sdist = { url = "https://files.pythonhosted.org/packages/42/78/18813351fe5d63acad16aec57f94ec2b70a09e53ca98145589e185423873/jsonpatch-1.33.tar.gz", hash = "sha256:9fcd4009c41e6d12348b4a0ff2563ba56a2923a7dfee731d004e212e1ee5030c", size = 21699, upload-time = "2023-06-26T12:07:29.144Z" }
wheels = [
    { url = "https://files.pythonhosted.org/packages/73/07/02e16ed01e04a374e644b575638ec7987ae846d25ad97bcc9945a3ee4b0e/jsonpatch-1.33-py2.py3-none-any.whl", hash = "sha256:0ae28c0cd062bbd8b8ecc26d7d164fbbea9652a1a3693f3b956c1eae5145dade", size = 12898, upload-time = "2023-06-16T21:01:28.466Z" },
]

[[package]]
name = "jsonpointer"
version = "3.1.1"
source = { registry = "https://pypi.org/simple" }
sdist = { url = "https://files.pythonhosted.org/packages/18/c7/af399a2e7a67fd18d63c40c5e62d3af4e67b836a2107468b6a5ea24c4304/jsonpointer-3.1.1.tar.gz", hash = "sha256:0b801c7db33a904024f6004d526dcc53bbb8a4a0f4e32bfd10beadf60adf1900", size = 9068, upload-time = "2026-03-23T22:32:32.458Z" }
wheels = [
    { url = "https://files.pythonhosted.org/packages/9e/6a/a83720e953b1682d2d109d3c2dbb0bc9bf28cc1cbc205be4ef4be5da709d/jsonpointer-3.1.1-py3-none-any.whl", hash = "sha256:8ff8b95779d071ba472cf5bc913028df06031797532f08a7d5b602d8b2a488ca", size = 7659, upload-time = "2026-03-23T22:32:31.568Z" },
]

[[package]]
name = "mpmath"
version = "1.3.0"
source = { registry = "https://pypi.org/simple" }
sdist = { url = "https://files.pythonhosted.org/packages/e0/47/dd32fa426cc72114383ac549964eecb20ecfd886d1e5ccf5340b55b02f57/mpmath-1.3.0.tar.gz", hash = "sha256:7a28eb2a9774d00c7bc92411c19a89209d5da7c4c9a9e227be8330a23a25b91f", size = 508106, upload-time = "2023-03-07T16:47:11.061Z" }
wheels = [
    { url = "https://files.pythonhosted.org/packages/43/e3/7d92a15f894aa0c9c4b49b8ee9ac9850d6e63b03c9c32c0367a13ae62209/mpmath-1.3.0-py3-none-any.whl", hash = "sha256:a0b2b9fe80bbcd81a6647ff13108738cfb482d481d826cc0e02f5b35e5c88d2c", size = 536198, upload-time = "2023-03-07T16:47:09.197Z" },
]

[[package]]
name = "networkx"
version = "3.6.1"
source = { registry = "https://pypi.org/simple" }
sdist = { url = "https://files.pythonhosted.org/packages/6a/51/63fe664f3908c97be9d2e4f1158eb633317598cfa6e1fc14af5383f17512/networkx-3.6.1.tar.gz", hash = "sha256:26b7c357accc0c8cde558ad486283728b65b6a95d85ee1cd66bafab4c8168509", size = 2517025, upload-time = "2025-12-08T17:02:39.908Z" }
wheels = [
    { url = "https://files.pythonhosted.org/packages/9e/c9/b2622292ea83fbb4ec318f5b9ab867d0a28ab43c5717bb85b0a5f6b3b0a4/networkx-3.6.1-py3-none-any.whl", hash = "sha256:d47fbf302e7d9cbbb9e2555a0d267983d2aa476bac30e90dfbe5669bd57f3762", size = 2068504, upload-time = "2025-12-08T17:02:38.159Z" },
]

[[package]]
name = "pathspec"
version = "1.1.1"
source = { registry = "https://pypi.org/simple" }
sdist = { url = "https://files.pythonhosted.org/packages/5a/82/42f767fc1c1143d6fd36efb827202a2d997a375e160a71eb2888a925aac1/pathspec-1.1.1.tar.gz", hash = "sha256:17db5ecd524104a120e173814c90367a96a98d07c45b2e10c2f3919fff91bf5a", size = 135180, upload-time = "2026-04-27T01:46:08.907Z" }
wheels = [
    { url = "https://files.pythonhosted.org/packages/f1/d9/7fb5aa316bc299258e68c73ba3bddbc499654a07f151cba08f6153988714/pathspec-1.1.1-py3-none-any.whl", hash = "sha256:a00ce642f577bf7f473932318056212bc4f8bfdf53128c78bbd5af0b9b20b189", size = 57328, upload-time = "2026-04-27T01:46:07.06Z" },
]

[[package]]
name = "pyyaml"
version = "6.0.3"
source = { registry = "https://pypi.org/simple" }
sdist = { url = "https://files.pythonhosted.org/packages/05/8e/961c0007c59b8dd7729d542c61a4d537767a59645b82a0b521206e1e25c2/pyyaml-6.0.3.tar.gz", hash = "sha256:d76623373421df22fb4cf8817020cbb7ef15c725b9d5e45f17e189bfc384190f", size = 130960, upload-time = "2025-09-25T21:33:16.546Z" }
wheels = [
    { url = "https://files.pythonhosted.org/packages/9d/8c/f4bd7f6465179953d3ac9bc44ac1a8a3e6122cf8ada906b4f96c60172d43/pyyaml-6.0.3-cp314-cp314-macosx_10_13_x86_64.whl", hash = "sha256:8d1fab6bb153a416f9aeb4b8763bc0f22a5586065f86f7664fc23339fc1c1fac", size = 181814, upload-time = "2025-09-25T21:32:35.712Z" },
    { url = "https://files.pythonhosted.org/packages/bd/9c/4d95bb87eb2063d20db7b60faa3840c1b18025517ae857371c4dd55a6b3a/pyyaml-6.0.3-cp314-cp314-macosx_11_0_arm64.whl", hash = "sha256:34d5fcd24b8445fadc33f9cf348c1047101756fd760b4dacb5c3e99755703310", size = 173809, upload-time = "2025-09-25T21:32:36.789Z" },
    { url = "https://files.pythonhosted.org/packages/92/b5/47e807c2623074914e29dabd16cbbdd4bf5e9b2db9f8090fa64411fc5382/pyyaml-6.0.3-cp314-cp314-manylinux2014_aarch64.manylinux_2_17_aarch64.manylinux_2_28_aarch64.whl", hash = "sha256:501a031947e3a9025ed4405a168e6ef5ae3126c59f90ce0cd6f2bfc477be31b7", size = 766454, upload-time = "2025-09-25T21:32:37.966Z" },
    { url = "https://files.pythonhosted.org/packages/02/9e/e5e9b168be58564121efb3de6859c452fccde0ab093d8438905899a3a483/pyyaml-6.0.3-cp314-cp314-manylinux2014_s390x.manylinux_2_17_s390x.manylinux_2_28_s390x.whl", hash = "sha256:b3bc83488de33889877a0f2543ade9f70c67d66d9ebb4ac959502e12de895788", size = 836355, upload-time = "2025-09-25T21:32:39.178Z" },
    { url = "https://files.pythonhosted.org/packages/88/f9/16491d7ed2a919954993e48aa941b200f38040928474c9e85ea9e64222c3/pyyaml-6.0.3-cp314-cp314-manylinux2014_x86_64.manylinux_2_17_x86_64.manylinux_2_28_x86_64.whl", hash = "sha256:c458b6d084f9b935061bc36216e8a69a7e293a2f1e68bf956dcd9e6cbcd143f5", size = 794175, upload-time = "2025-09-25T21:32:40.865Z" },
    { url = "https://files.pythonhosted.org/packages/dd/3f/5989debef34dc6397317802b527dbbafb2b4760878a53d4166579111411e/pyyaml-6.0.3-cp314-cp314-musllinux_1_2_aarch64.whl", hash = "sha256:7c6610def4f163542a622a73fb39f534f8c101d690126992300bf3207eab9764", size = 755228, upload-time = "2025-09-25T21:32:42.084Z" },
    { url = "https://files.pythonhosted.org/packages/d7/ce/af88a49043cd2e265be63d083fc75b27b6ed062f5f9fd6cdc223ad62f03e/pyyaml-6.0.3-cp314-cp314-musllinux_1_2_x86_64.whl", hash = "sha256:5190d403f121660ce8d1d2c1bb2ef1bd05b5f68533fc5c2ea899bd15f4399b35", size = 789194, upload-time = "2025-09-25T21:32:43.362Z" },
    { url = "https://files.pythonhosted.org/packages/23/20/bb6982b26a40bb43951265ba29d4c246ef0ff59c9fdcdf0ed04e0687de4d/pyyaml-6.0.3-cp314-cp314-win_amd64.whl", hash = "sha256:4a2e8cebe2ff6ab7d1050ecd59c25d4c8bd7e6f400f5f82b96557ac0abafd0ac", size = 156429, upload-time = "2025-09-25T21:32:57.844Z" },
    { url = "https://files.pythonhosted.org/packages/f4/f4/a4541072bb9422c8a883ab55255f918fa378ecf083f5b85e87fc2b4eda1b/pyyaml-6.0.3-cp314-cp314-win_arm64.whl", hash = "sha256:93dda82c9c22deb0a405ea4dc5f2d0cda384168e466364dec6255b293923b2f3", size = 143912, upload-time = "2025-09-25T21:32:59.247Z" },
    { url = "https://files.pythonhosted.org/packages/7c/f9/07dd09ae774e4616edf6cda684ee78f97777bdd15847253637a6f052a62f/pyyaml-6.0.3-cp314-cp314t-macosx_10_13_x86_64.whl", hash = "sha256:02893d100e99e03eda1c8fd5c441d8c60103fd175728e23e431db1b589cf5ab3", size = 189108, upload-time = "2025-09-25T21:32:44.377Z" },
    { url = "https://files.pythonhosted.org/packages/4e/78/8d08c9fb7ce09ad8c38ad533c1191cf27f7ae1effe5bb9400a46d9437fcf/pyyaml-6.0.3-cp314-cp314t-macosx_11_0_arm64.whl", hash = "sha256:c1ff362665ae507275af2853520967820d9124984e0f7466736aea23d8611fba", size = 183641, upload-time = "2025-09-25T21:32:45.407Z" },
    { url = "https://files.pythonhosted.org/packages/7b/5b/3babb19104a46945cf816d047db2788bcaf8c94527a805610b0289a01c6b/pyyaml-6.0.3-cp314-cp314t-manylinux2014_aarch64.manylinux_2_17_aarch64.manylinux_2_28_aarch64.whl", hash = "sha256:6adc77889b628398debc7b65c073bcb99c4a0237b248cacaf3fe8a557563ef6c", size = 831901, upload-time = "2025-09-25T21:32:48.83Z" },
    { url = "https://files.pythonhosted.org/packages/8b/cc/dff0684d8dc44da4d22a13f35f073d558c268780ce3c6ba1b87055bb0b87/pyyaml-6.0.3-cp314-cp314t-manylinux2014_s390x.manylinux_2_17_s390x.manylinux_2_28_s390x.whl", hash = "sha256:a80cb027f6b349846a3bf6d73b5e95e782175e52f22108cfa17876aaeff93702", size = 861132, upload-time = "2025-09-25T21:32:50.149Z" },
    { url = "https://files.pythonhosted.org/packages/b1/5e/f77dc6b9036943e285ba76b49e118d9ea929885becb0a29ba8a7c75e29fe/pyyaml-6.0.3-cp314-cp314t-manylinux2014_x86_64.manylinux_2_17_x86_64.manylinux_2_28_x86_64.whl", hash = "sha256:00c4bdeba853cc34e7dd471f16b4114f4162dc03e6b7afcc2128711f0eca823c", size = 839261, upload-time = "2025-09-25T21:32:51.808Z" },
    { url = "https://files.pythonhosted.org/packages/ce/88/a9db1376aa2a228197c58b37302f284b5617f56a5d959fd1763fb1675ce6/pyyaml-6.0.3-cp314-cp314t-musllinux_1_2_aarch64.whl", hash = "sha256:66e1674c3ef6f541c35191caae2d429b967b99e02040f5ba928632d9a7f0f065", size = 805272, upload-time = "2025-09-25T21:32:52.941Z" },
    { url = "https://files.pythonhosted.org/packages/da/92/1446574745d74df0c92e6aa4a7b0b3130706a4142b2d1a5869f2eaa423c6/pyyaml-6.0.3-cp314-cp314t-musllinux_1_2_x86_64.whl", hash = "sha256:16249ee61e95f858e83976573de0f5b2893b3677ba71c9dd36b9cf8be9ac6d65", size = 829923, upload-time = "2025-09-25T21:32:54.537Z" },
    { url = "https://files.pythonhosted.org/packages/f0/7a/1c7270340330e575b92f397352af856a8c06f230aa3e76f86b39d01b416a/pyyaml-6.0.3-cp314-cp314t-win_amd64.whl", hash = "sha256:4ad1906908f2f5ae4e5a8ddfce73c320c2a1429ec52eafd27138b7f1cbe341c9", size = 174062, upload-time = "2025-09-25T21:32:55.767Z" },
    { url = "https://files.pythonhosted.org/packages/f1/12/de94a39c2ef588c7e6455cfbe7343d3b2dc9d6b6b2f40c4c6565744c873d/pyyaml-6.0.3-cp314-cp314t-win_arm64.whl", hash = "sha256:ebc55a14a21cb14062aa4162f906cd962b28e2e9ea38f9b4391244cd8de4ae0b", size = 149341, upload-time = "2025-09-25T21:32:56.828Z" },
]

[[package]]
name = "regex"
version = "2026.8.31"
source = { registry = "https://pypi.org/simple" }
sdist = { url = "https://files.pythonhosted.org/packages/61/d8/9c23ec31d4973d7b41a99f45c7aa9aa65c7c4313d5c0463aafdb8fe05dd7/regex-2026.8.31.tar.gz", hash = "sha256:9350fd448a6442ae27853ab9d4b8d5a0bcb6d7774923a4fdfddd104c4458b35f", size = 416646, upload-time = "2026-08-30T21:53:47.227Z" }
wheels = [
    { url = "https://files.pythonhosted.org/packages/5b/af/d3d73f06949310a056807377d71aefc5b54e489f7896896cc376b51f1da4/regex-2026.8.31-cp314-cp314-macosx_10_13_universal2.whl", hash = "sha256:bb1ca9e722c7270fb4267abee42cf8cfa97bc8e361b73839a50f00fcd2b76636", size = 496671, upload-time = "2026-08-30T21:52:40.571Z" },
    { url = "https://files.pythonhosted.org/packages/9d/2b/9234a595ac443afeb60eff3fd79f01a6afffc7e1edcd1a8ce0979f03f75a/regex-2026.8.31-cp314-cp314-macosx_10_13_x86_64.whl", hash = "sha256:f078f774d094ea32302163419141fda36176b954069956296406ae1cf4b00222", size = 296981, upload-time = "2026-08-30T21:52:42.296Z" },
    { url = "https://files.pythonhosted.org/packages/75/39/9e25b8cfab88a9a5bdf4344fa0fcbb3b66bb1ed65cf4392a2150c31b6809/regex-2026.8.31-cp314-cp314-macosx_11_0_arm64.whl", hash = "sha256:75cc2d43987040df8655c25b47c1d452c7d59b28df108d7b2c19a003d021601f", size = 292017, upload-time = "2026-08-30T21:52:44.048Z" },
    { url = "https://files.pythonhosted.org/packages/48/dc/ba5d67075d2d159ba0eb65b3a7370a08904ea3db649977bbce9f58901c0d/regex-2026.8.31-cp314-cp314-manylinux2014_aarch64.manylinux_2_17_aarch64.manylinux_2_28_aarch64.whl", hash = "sha256:bb392c55059edb1bda593ee12218f5198a337535ff5e52f806c224c57b98716b", size = 796344, upload-time = "2026-08-30T21:52:46.119Z" },
    { url = "https://files.pythonhosted.org/packages/05/4c/47390fe99de8cb09517295900b6ca030c45fa9728713b9fa960b8272d19d/regex-2026.8.31-cp314-cp314-manylinux2014_ppc64le.manylinux_2_17_ppc64le.manylinux_2_28_ppc64le.whl", hash = "sha256:4301de5a58a28fe95b6a865d3b97b5cea073bb4c6ad743211c32b004f32d5096", size = 866284, upload-time = "2026-08-30T21:52:48.215Z" },
    { url = "https://files.pythonhosted.org/packages/26/ed/bd428f8e68a884ef19c53484eb09ebd2bb872f8685eb0e0ed2891536c812/regex-2026.8.31-cp314-cp314-manylinux2014_s390x.manylinux_2_17_s390x.manylinux_2_28_s390x.whl", hash = "sha256:cf427a3bebc873a2601601fc5e8453d1396b52d694ad65788fa2b22fe7b0f920", size = 911842, upload-time = "2026-08-30T21:52:50.229Z" },
    { url = "https://files.pythonhosted.org/packages/56/90/c8fabe3b542840c29fe102ad55bb328392fa578438061055955ceddc4add/regex-2026.8.31-cp314-cp314-manylinux2014_x86_64.manylinux_2_17_x86_64.manylinux_2_28_x86_64.whl", hash = "sha256:897c2e301226fdfaf1a0c68219607718c40699df82dff09fd366b489b4c6e6d8", size = 801396, upload-time = "2026-08-30T21:52:52.121Z" },
    { url = "https://files.pythonhosted.org/packages/5c/49/fa509b9f86347d3bf6099ad14a3e789a0ac426d47b6aee0d4de677e7afdb/regex-2026.8.31-cp314-cp314-manylinux_2_31_riscv64.manylinux_2_39_riscv64.whl", hash = "sha256:95c25f91b7c3f8121946e175a731eccf097dfeff065ab1204dbaad1ebf8ada6e", size = 776287, upload-time = "2026-08-30T21:52:54.166Z" },
    { url = "https://files.pythonhosted.org/packages/27/38/119cab4471ef421d47bc5cc5adf6dda3a945541771ecc4a9f9ae53b92b0e/regex-2026.8.31-cp314-cp314-musllinux_1_2_aarch64.whl", hash = "sha256:75b888caf9469df3826876ae0e2f92f37e7bbad0455cfa028852d99815af9dd0", size = 785680, upload-time = "2026-08-30T21:52:56.256Z" },
    { url = "https://files.pythonhosted.org/packages/75/97/7e12d5ff253b82b547f6ea74ee43fe1a8b34d89ce647fdd62297bdfc56a5/regex-2026.8.31-cp314-cp314-musllinux_1_2_ppc64le.whl", hash = "sha256:66df1812cf0fd5f0f59e4341c54247a15397354ee01231e1c2620b08032f3361", size = 861283, upload-time = "2026-08-30T21:52:58.241Z" },
    { url = "https://files.pythonhosted.org/packages/09/63/32b0e06ebac7ba40ef8a2d5a03024dc7261cc9dc37309c82dc937b4bd83c/regex-2026.8.31-cp314-cp314-musllinux_1_2_riscv64.whl", hash = "sha256:45b0450d6ae52e2dfcdb5e58987b829ed5fc01b709fc5ff09a1e81ab13c5262a", size = 766205, upload-time = "2026-08-30T21:53:00.533Z" },
    { url = "https://files.pythonhosted.org/packages/55/09/af4850367bbbe0c5b9803e5fbf0261b8aa7bda3ee9902af839abc04d3e9d/regex-2026.8.31-cp314-cp314-musllinux_1_2_s390x.whl", hash = "sha256:073b9cb8c44e197a4d1d8b819a3329f6b20866d83d2700f78b9d33e1f1a75116", size = 851584, upload-time = "2026-08-30T21:53:02.632Z" },
    { url = "https://files.pythonhosted.org/packages/24/40/e790ea5b93ecb85cc74a129402e0d0f519e51cca5bf24b9dfad736b851cf/regex-2026.8.31-cp314-cp314-musllinux_1_2_x86_64.whl", hash = "sha256:4c3ac1eec883a1d0fbba167e90bb1beb72289e765966b464f9b333090dfcae2e", size = 789438, upload-time = "2026-08-30T21:53:04.499Z" },
    { url = "https://files.pythonhosted.org/packages/7a/c3/0b6c7130af0295ac2cbcdf2ad87242cf9e32ef7605e96be8f2a65c14b89a/regex-2026.8.31-cp314-cp314-win32.whl", hash = "sha256:ed723dc78dd6f676f38083bd86194dbe91befd8c3ecb9cd2f47147bfe7d26dd1", size = 272537, upload-time = "2026-08-30T21:53:06.46Z" },
    { url = "https://files.pythonhosted.org/packages/e1/d0/663767a7492976ccc8421979ef838389c50bbe6668c2318b91cffa8aaf94/regex-2026.8.31-cp314-cp314-win_amd64.whl", hash = "sha256:d27a3bdd19aa00974ac53ba14faea80ecef412f2d957c0071a869d7baea820f4", size = 280831, upload-time = "2026-08-30T21:53:08.364Z" },
    { url = "https://files.pythonhosted.org/packages/f1/1d/c8861836a15ead6b4b5cde4f6b5b7306beaaee7f033cc142adcdd9cd8591/regex-2026.8.31-cp314-cp314-win_arm64.whl", hash = "sha256:79c7b6bd11620dc722a94e160965fa0e64124ca8841afaf9683d8fa659431cf5", size = 281105, upload-time = "2026-08-30T21:53:10.854Z" },
    { url = "https://files.pythonhosted.org/packages/78/65/0c346ae04ac7de00aa13cf2e7f61d3a81fa21651436a407663302376d442/regex-2026.8.31-cp314-cp314t-macosx_10_13_universal2.whl", hash = "sha256:b40aee7f8df89d239943a932bfb53809f6b2c2ad53c049ee329100a54d3e1cfd", size = 500977, upload-time = "2026-08-30T21:53:12.725Z" },
    { url = "https://files.pythonhosted.org/packages/9d/e3/23e9089a19c3e3dae6928c2c42c94e6ac594d2bed4a6a95f41323e9b3501/regex-2026.8.31-cp314-cp314t-macosx_10_13_x86_64.whl", hash = "sha256:6d5537087013e5ce841b9d0f19a564f18f33fa79489a7e8865f5a38ba2a4de7d", size = 299307, upload-time = "2026-08-30T21:53:14.702Z" },
    { url = "https://files.pythonhosted.org/packages/55/b6/038042b65dd3ef2e6885f6836733cea8156df300607d60d5f8a033e3f892/regex-2026.8.31-cp314-cp314t-macosx_11_0_arm64.whl", hash = "sha256:026a7cd6c20a2a5bf3249a4a1c7f076af86b17188e2ffd17722e2ed24f433f9a", size = 294436, upload-time = "2026-08-30T21:53:16.446Z" },
    { url = "https://files.pythonhosted.org/packages/c0/ba/f2ea0d5f88eed2152068acabfa5076ccb64f301951d742caefdd49b47aa0/regex-2026.8.31-cp314-cp314t-manylinux2014_aarch64.manylinux_2_17_aarch64.manylinux_2_28_aarch64.whl", hash = "sha256:0ec77a1ce2350c74fe3821d1c6555107d41f6969c369f4ee197a10cec97632ec", size = 811448, upload-time = "2026-08-30T21:53:18.556Z" },
    { url = "https://files.pythonhosted.org/packages/48/ec/dfef1495f72076ac0783e7fa3937b73a3840b664cfe400cb2d42469f4bfe/regex-2026.8.31-cp314-cp314t-manylinux2014_ppc64le.manylinux_2_17_ppc64le.manylinux_2_28_ppc64le.whl", hash = "sha256:868d9113a744f2bfffa31197cadcda5b7fc3951a8621dd5899f9c0e4208ca196", size = 870104, upload-time = "2026-08-30T21:53:20.969Z" },
    { url = "https://files.pythonhosted.org/packages/08/9e/eac90118ccc2feac907042d9389b7a90ac855b03d18e96ac13f409eb595f/regex-2026.8.31-cp314-cp314t-manylinux2014_s390x.manylinux_2_17_s390x.manylinux_2_28_s390x.whl", hash = "sha256:cf6c32d2a6bdaac692915ab81f28b62525d937abeac80149260db2c904a5df97", size = 917558, upload-time = "2026-08-30T21:53:22.863Z" },
    { url = "https://files.pythonhosted.org/packages/32/31/c1f9753eeffd331bb639b556fd3d56bb38153bf4b9929bc02525d822d5ef/regex-2026.8.31-cp314-cp314t-manylinux2014_x86_64.manylinux_2_17_x86_64.manylinux_2_28_x86_64.whl", hash = "sha256:a55bfb3914b760d5103d313a1053d301b2776f4677eb7f4d09f6420c625d97dd", size = 817492, upload-time = "2026-08-30T21:53:24.892Z" },
    { url = "https://files.pythonhosted.org/packages/ca/ec/ee31f2579b9d91b14a5532009b588795422fa7a2aa60e95f026924f6f01d/regex-2026.8.31-cp314-cp314t-manylinux_2_31_riscv64.manylinux_2_39_riscv64.whl", hash = "sha256:0087dfa879bf01c5eb290848c7de22f717d8d4218a997080e63ae4813bc55104", size = 784604, upload-time = "2026-08-30T21:53:27.234Z" },
    { url = "https://files.pythonhosted.org/packages/c5/d2/f56b717d892990879247f12257897718e65c3afab7f5ed7841edca53e8b6/regex-2026.8.31-cp314-cp314t-musllinux_1_2_aarch64.whl", hash = "sha256:a54f6b1b418e40b908ff9b9dd3e5fa638a2bd1bbe6e24180dc097c92b1deed0f", size = 800619, upload-time = "2026-08-30T21:53:29.988Z" },
    { url = "https://files.pythonhosted.org/packages/05/e0/43fddd7425cd02abfa2f6265e1fe4e252ecb219b65d6c9559f1a2c13b2c8/regex-2026.8.31-cp314-cp314t-musllinux_1_2_ppc64le.whl", hash = "sha256:69c42c35758cf46c31d976d63c79fbbcb114fe192aa4c721c734204d0e3d7555", size = 864815, upload-time = "2026-08-30T21:53:32.187Z" },
    { url = "https://files.pythonhosted.org/packages/f5/af/33597396a12bd33f82307d1fa615561c16e5b14c95190291c0242e2a0d3b/regex-2026.8.31-cp314-cp314t-musllinux_1_2_riscv64.whl", hash = "sha256:d9759f4cc91880cfafdb11b7b2bc83e34f2f16d103fd94f936d804cbfdb9c1aa", size = 772922, upload-time = "2026-08-30T21:53:34.25Z" },
    { url = "https://files.pythonhosted.org/packages/18/87/f43fc5b3ce2d3e36e5d6196d733495c1f260b6309af191a3d9e1ded15be8/regex-2026.8.31-cp314-cp314t-musllinux_1_2_s390x.whl", hash = "sha256:d59beef8054a851b2a3f42f56f94770981973699ab4c7f0b5f6984c26205b76c", size = 858233, upload-time = "2026-08-30T21:53:36.192Z" },
    { url = "https://files.pythonhosted.org/packages/1c/fc/6180e4b0a4868869add0442ae2fbbc069100c54d9be0e017d6b035cd6907/regex-2026.8.31-cp314-cp314t-musllinux_1_2_x86_64.whl", hash = "sha256:8b6bcc66372b493faa2b6153cd16a44db3bfa316411f81c4ba5d0ffa693244df", size = 804757, upload-time = "2026-08-30T21:53:38.26Z" },
    { url = "https://files.pythonhosted.org/packages/c5/d3/aab232b8320a996716a72ba8676c501378c06bdf8dfd85ec2e55f6281b77/regex-2026.8.31-cp314-cp314t-win32.whl", hash = "sha256:241c614ab811e29f2e67e2828404dd10a2dc675ec2c75a6017ec310fd09117b9", size = 274528, upload-time = "2026-08-30T21:53:40.764Z" },
    { url = "https://files.pythonhosted.org/packages/16/a4/15e5c63c0dda6536604dd5f7fcff5c2db76a64dcc35fe06425ac77c519b2/regex-2026.8.31-cp314-cp314t-win_amd64.whl", hash = "sha256:222c906a555bdbd5322f15778bb2b4f238c26e1d52c9445f1e50f5e4452909b3", size = 283810, upload-time = "2026-08-30T21:53:42.78Z" },
    { url = "https://files.pythonhosted.org/packages/12/3c/8f976c417d1cd5afa21ee1f8c458651f71ee5588646e98094719db1c0d7d/regex-2026.8.31-cp314-cp314t-win_arm64.whl", hash = "sha256:43581e1f0c1f624cb7e2e8195c443f6e3004fc376bd12d644cdc8e613c973323", size = 283452, upload-time = "2026-08-30T21:53:45.149Z" },
]

[[package]]
name = "sympy"
version = "1.14.0"
source = { registry = "https://pypi.org/simple" }
dependencies = [
    { name = "mpmath" },
]
sdist = { url = "https://files.pythonhosted.org/packages/83/d3/803453b36afefb7c2bb238361cd4ae6125a569b4db67cd9e79846ba2d68c/sympy-1.14.0.tar.gz", hash = "sha256:d3d3fe8df1e5a0b42f0e7bdf50541697dbe7d23746e894990c030e2b05e72517", size = 7793921, upload-time = "2025-04-27T18:05:01.611Z" }
wheels = [
    { url = "https://files.pythonhosted.org/packages/a2/09/77d55d46fd61b4a135c444fc97158ef34a095e5681d0a6c10b75bf356191/sympy-1.14.0-py3-none-any.whl", hash = "sha256:e091cc3e99d2141a0ba2847328f5479b05d94a6635cb96148ccb3f34671bd8f5", size = 6299353, upload-time = "2025-04-27T18:04:59.103Z" },
]

[[package]]
name = "typing-extensions"
version = "4.16.0"
source = { registry = "https://pypi.org/simple" }
sdist = { url = "https://files.pythonhosted.org/packages/f6/cc/6253133b5bb138fc3306cebfbda2c520f545d36b5be2c7255cc528bb45d6/typing_extensions-4.16.0.tar.gz", hash = "sha256:dc983d19a509c94dba722ee6abd33940f7c05a89e243c47e907eb4db6f1a43e5", size = 113555, upload-time = "2026-07-02T08:40:05.92Z" }
wheels = [
    { url = "https://files.pythonhosted.org/packages/49/d3/b8441a820a491ddfc024b0b0cf0393375b75ea13866d9c66727e54c2fc80/typing_extensions-4.16.0-py3-none-any.whl", hash = "sha256:481caa481374e813c1b176ada14e97f1f67a4539ce9cfeb3f350d78d6370c2e8", size = 45571, upload-time = "2026-07-02T08:40:04.659Z" },
]

[[package]]
name = "uv"
version = "0.12.7"
source = { registry = "https://pypi.org/simple" }
sdist = { url = "https://files.pythonhosted.org/packages/f7/ab/790e25d2c685f5a41b9567001a43fbe049a595c1b08b8a93bf82d5fc704b/uv-0.12.7.tar.gz", hash = "sha256:4b320f84763a80308fd830ecf5c4c44505a8ed910fe265c5977d0a3727cfcd55", size = 7107999, upload-time = "2026-08-27T22:13:22.978Z" }
wheels = [
    { url = "https://files.pythonhosted.org/packages/91/63/cc236f80a868b28525e0f7aa61f7ee998a0540ccba8cc4d01b2d42fc7838/uv-0.12.7-py3-none-linux_armv6l.whl", hash = "sha256:d568fd3448c24354753fd8333c978aeeeb6b51db4b100e234461a7eb50882fae", size = 22215689, upload-time = "2026-08-27T22:12:36.485Z" },
    { url = "https://files.pythonhosted.org/packages/ba/c5/40f4a5736d2f795688977b3b8bf841daca1e9c93b358778b7ed3dcd747fe/uv-0.12.7-py3-none-macosx_10_12_x86_64.whl", hash = "sha256:ec5b437aa60e8c94da263ad709d0bf6c8f268ac81f305d89c6115badd7d1cbe7", size = 20471214, upload-time = "2026-08-27T22:12:39.147Z" },
    { url = "https://files.pythonhosted.org/packages/e5/3e/5946d33de437467190b51d7d9f9e74a53628782565d50b64f6051050f482/uv-0.12.7-py3-none-macosx_11_0_arm64.whl", hash = "sha256:016fe4b9a2e0d2a35b17b6c3efbb45b929189c5b4b37aa921265265ccfe42cc1", size = 17317478, upload-time = "2026-08-27T22:12:41.58Z" },
    { url = "https://files.pythonhosted.org/packages/2e/5b/0e42dd88d9928b51a4e85d89d8aed46933951187b508ae68c145b06e3334/uv-0.12.7-py3-none-manylinux_2_17_aarch64.manylinux2014_aarch64.musllinux_1_1_aarch64.whl", hash = "sha256:fe9a871bd638ee6d2fd73bf40c2ee98153e44d06f796a03fcecf9d12b36d42d8", size = 21379352, upload-time = "2026-08-27T22:12:44.123Z" },
    { url = "https://files.pythonhosted.org/packages/8f/5c/b6417812ef87fc713ec368b1001b41c78eaedbfa521789db7d103b56c500/uv-0.12.7-py3-none-manylinux_2_17_armv7l.manylinux2014_armv7l.musllinux_1_1_armv7l.whl", hash = "sha256:1014a13854c45eb1daa9a32602e0f4d07f3edd298826d3e8d22740eed60a7c95", size = 21686985, upload-time = "2026-08-27T22:12:47.686Z" },
    { url = "https://files.pythonhosted.org/packages/69/23/a6284df1dc4233fea564227f77c402969b4f6aebcb647826ce9e82a413de/uv-0.12.7-py3-none-manylinux_2_17_armv7l.manylinux2014_armv7l.whl", hash = "sha256:0ad3e91cc911596bb54197057853b64b36a066462d8f2fc4d4f60b61b707ffa8", size = 21744177, upload-time = "2026-08-27T22:12:50.572Z" },
    { url = "https://files.pythonhosted.org/packages/fb/e1/96526f3ea72667352e1a83dff3cbb8701dbfc830aafb3ac9dd532d4fb827/uv-0.12.7-py3-none-manylinux_2_17_i686.manylinux2014_i686.whl", hash = "sha256:b6d4bd67b488ef2766cfa885947c1093c18caf5d665ba9156963ad0241f196e9", size = 22527940, upload-time = "2026-08-27T22:12:53.479Z" },
    { url = "https://files.pythonhosted.org/packages/39/7b/816e7c4ef1b59faf295d4eec133b15d6d3a227dc4bc341dceccc31a3ba15/uv-0.12.7-py3-none-manylinux_2_17_ppc64le.manylinux2014_ppc64le.whl", hash = "sha256:debeccc5eca0063cd922bc67caa4a8c0df5f69090179866ed17fa7264905bda2", size = 23630281, upload-time = "2026-08-27T22:12:55.941Z" },
    { url = "https://files.pythonhosted.org/packages/ac/63/03d00b74c5582163b8c544b2dc39396388d904a13118303fb2c32ece2811/uv-0.12.7-py3-none-manylinux_2_17_s390x.manylinux2014_s390x.whl", hash = "sha256:36c8f93d182b766b9ed4a9c1da5ec0f7dc9f934887df3404d996f66321fd18d5", size = 23345465, upload-time = "2026-08-27T22:12:58.726Z" },
    { url = "https://files.pythonhosted.org/packages/8a/01/616cc5f80952eef6fa48c5dbd6ea8aeed04a494e7dfbe9f5f65cfcf85ad9/uv-0.12.7-py3-none-manylinux_2_17_x86_64.manylinux2014_x86_64.whl", hash = "sha256:4545e87c7ac64af317d8daffd279e23e93b0e05035662363033d3525923339d2", size = 20058968, upload-time = "2026-08-27T22:13:01.239Z" },
    { url = "https://files.pythonhosted.org/packages/66/23/051acc24b21bbf0e67bc00e2b4239892e37cf39fdd6428fc246a2ae62b79/uv-0.12.7-py3-none-manylinux_2_28_aarch64.whl", hash = "sha256:56a5730f8eff477501b3276a0059c2c2843302d5d4a6cc10f993a5cd66ddace8", size = 19450815, upload-time = "2026-08-27T22:13:03.636Z" },
    { url = "https://files.pythonhosted.org/packages/42/a4/a84adae83d6891401284ec4929ea7892c7efc5484cb53283147fbb4881b6/uv-0.12.7-py3-none-manylinux_2_31_riscv64.musllinux_1_1_riscv64.whl", hash = "sha256:d83419298e202f56e381cef6406b519b9336e58fc90a559617d86576a3d8a4e8", size = 22402981, upload-time = "2026-08-27T22:13:06.247Z" },
    { url = "https://files.pythonhosted.org/packages/8a/35/6fcdff1292ba1cc027d1d741531dfc4d19f92e1312262833beacf3b7fbe8/uv-0.12.7-py3-none-manylinux_2_31_riscv64.whl", hash = "sha256:fc57436f2f012b885454f465dbf077f573745f0d4275a6a38194203b67e94ea4", size = 22535567, upload-time = "2026-08-27T22:13:08.802Z" },
    { url = "https://files.pythonhosted.org/packages/2b/ea/7ac04384642a4ba808b20a94cb09e0f4b4a6aef6cf9671858be0567c153a/uv-0.12.7-py3-none-musllinux_1_1_i686.whl", hash = "sha256:b2bd0f25f17f0000a2415347471e713cd1597f4525cd3412d17875b131f4b1ac", size = 21667314, upload-time = "2026-08-27T22:13:11.197Z" },
    { url = "https://files.pythonhosted.org/packages/e1/c8/348089faf45a3c24c1d5a5ee3957cd1c7fb4a6aef1d9646114a4b7cc9c7a/uv-0.12.7-py3-none-musllinux_1_1_x86_64.whl", hash = "sha256:ff33305718665c6fba25efdd260c67a6bd500c665e3d5d61059612791ca10c90", size = 22919105, upload-time = "2026-08-27T22:13:13.596Z" },
    { url = "https://files.pythonhosted.org/packages/3e/7f/5fb8ed68270666ed675daead854bde3b14d7ab42c2b7c0d234b5ea8ea928/uv-0.12.7-py3-none-win32.whl", hash = "sha256:3ac3321ccd6097dbef154d27044e0762a67b2f6eb017dcc65be6574f4671fb0d", size = 19880506, upload-time = "2026-08-27T22:13:16.072Z" },
    { url = "https://files.pythonhosted.org/packages/e7/97/40a91354862028e8f8e547ac27c6acd7b7cc67b9003acc28596d9e90cd6b/uv-0.12.7-py3-none-win_amd64.whl", hash = "sha256:277d326d7e63b912f3425c6e6d7d5d49f21b43d080d21859ff3c6819353f1847", size = 18085016, upload-time = "2026-08-27T22:13:18.352Z" },
    { url = "https://files.pythonhosted.org/packages/52/69/6cdd022fff6a8d8f5c9af2686f61f2605ddd03b5709efb73df6e08f40249/uv-0.12.7-py3-none-win_arm64.whl", hash = "sha256:95c3a4fa65e72bab3ca1b4c8ce18fbe784cf3137e9f9234588b69d09b341a4a7", size = 19522843, upload-time = "2026-08-27T22:13:20.633Z" },
]

[[package]]
name = "yamllint"
version = "1.38.0"
source = { registry = "https://pypi.org/simple" }
dependencies = [
    { name = "pathspec" },
    { name = "pyyaml" },
]
sdist = { url = "https://files.pythonhosted.org/packages/28/a0/8fc2d68e132cf918f18273fdc8a1b8432b60d75ac12fdae4b0ef5c9d2e8d/yamllint-1.38.0.tar.gz", hash = "sha256:09e5f29531daab93366bb061e76019d5e91691ef0a40328f04c927387d1d364d", size = 142446, upload-time = "2026-01-13T07:47:53.276Z" }
wheels = [
    { url = "https://files.pythonhosted.org/packages/05/92/aed08e68de6e6a3d7c2328ce7388072cd6affc26e2917197430b646aed02/yamllint-1.38.0-py3-none-any.whl", hash = "sha256:fc394a5b3be980a4062607b8fdddc0843f4fa394152b6da21722f5d59013c220", size = 68940, upload-time = "2026-01-13T07:47:51.343Z" },
]
