version = 1
revision = 5
requires-python = ">=3.14"

[options]
exclude-newer = "0001-01-01T00:00:00Z" # This has no effect and is included for backwards compatibility when using relative exclude-newer values.
exclude-newer-span = "P3D"

[[package]]
name = "cfn-lint"
version = "1.57.1"
source = { registry = "https://pypi.org/simple" }
dependencies = [
    { name = "jsonpatch" },
    { name = "networkx" },
    { name = "pyyaml" },
    { name = "regex" },
    { name = "sympy" },
    { name = "typing-extensions" },
]
sdist = { url = "https://files.pythonhosted.org/packages/db/50/a619a323a963433bc00aed28918f16c7089ab518b604572ebc7ad088fd42/cfn_lint-1.57.1.tar.gz", hash = "sha256:df72dd862d9c9dfdcf831dbc4751e2c2ffaf751989450b9ec504dfd72c32da0d", size = 4951978, upload-time = "2026-09-29T00:05:56.542Z" }
wheels = [
    { url = "https://files.pythonhosted.org/packages/e9/e0/cc06b3de88b4d67e43817a638b398d6f14302ce79ecd4a9f123565e24ca3/cfn_lint-1.57.1-py3-none-any.whl", hash = "sha256:a709a543fd2a00c02d4d9f88a6773f38200f2907078ad1ca9ab8c5c4234ff8ce", size = 5538414, upload-time = "2026-09-29T00:05:54.265Z" },
]

[[package]]
name = "devbox"
version = "0.1.0"
source = { virtual = "." }

[package.dev-dependencies]
ci = [
    { name = "uv" },
]
dev = [
    { name = "cfn-lint" },
    { name = "yamllint" },
]

[package.metadata]

[package.metadata.requires-dev]
ci = [{ name = "uv", specifier = ">=0.12.22" }]
dev = [
    { name = "cfn-lint", specifier = ">=1.57.1" },
    { name = "yamllint", specifier = ">=1.38.0" },
]

[[package]]
name = "jsonpatch"
version = "1.33"
source = { registry = "https://pypi.org/simple" }
dependencies = [
    { name = "jsonpointer" },
]
sdist = { url = "https://files.pythonhosted.org/packages/42/78/18813351fe5d63acad16aec57f94ec2b70a09e53ca98145589e185423873/jsonpatch-1.33.tar.gz", hash = "sha256:9fcd4009c41e6d12348b4a0ff2563ba56a2923a7dfee731d004e212e1ee5030c", size = 21699, upload-time = "2023-06-26T12:07:29.144Z" }
wheels = [
    { url = "https://files.pythonhosted.org/packages/73/07/02e16ed01e04a374e644b575638ec7987ae846d25ad97bcc9945a3ee4b0e/jsonpatch-1.33-py2.py3-none-any.whl", hash = "sha256:0ae28c0cd062bbd8b8ecc26d7d164fbbea9652a1a3693f3b956c1eae5145dade", size = 12898, upload-time = "2023-06-16T21:01:28.466Z" },
]

[[package]]
name = "jsonpointer"
version = "3.1.1"
source = { registry = "https://pypi.org/simple" }
sdist = { url = "https://files.pythonhosted.org/packages/18/c7/af399a2e7a67fd18d63c40c5e62d3af4e67b836a2107468b6a5ea24c4304/jsonpointer-3.1.1.tar.gz", hash = "sha256:0b801c7db33a904024f6004d526dcc53bbb8a4a0f4e32bfd10beadf60adf1900", size = 9068, upload-time = "2026-03-23T22:32:32.458Z" }
wheels = [
    { url = "https://files.pythonhosted.org/packages/9e/6a/a83720e953b1682d2d109d3c2dbb0bc9bf28cc1cbc205be4ef4be5da709d/jsonpointer-3.1.1-py3-none-any.whl", hash = "sha256:8ff8b95779d071ba472cf5bc913028df06031797532f08a7d5b602d8b2a488ca", size = 7659, upload-time = "2026-03-23T22:32:31.568Z" },
]

[[package]]
name = "mpmath"
version = "1.3.0"
source = { registry = "https://pypi.org/simple" }
sdist = { url = "https://files.pythonhosted.org/packages/e0/47/dd32fa426cc72114383ac549964eecb20ecfd886d1e5ccf5340b55b02f57/mpmath-1.3.0.tar.gz", hash = "sha256:7a28eb2a9774d00c7bc92411c19a89209d5da7c4c9a9e227be8330a23a25b91f", size = 508106, upload-time = "2023-03-07T16:47:11.061Z" }
wheels = [
    { url = "https://files.pythonhosted.org/packages/43/e3/7d92a15f894aa0c9c4b49b8ee9ac9850d6e63b03c9c32c0367a13ae62209/mpmath-1.3.0-py3-none-any.whl", hash = "sha256:a0b2b9fe80bbcd81a6647ff13108738cfb482d481d826cc0e02f5b35e5c88d2c", size = 536198, upload-time = "2023-03-07T16:47:09.197Z" },
]

[[package]]
name = "networkx"
version = "3.7"
source = { registry = "https://pypi.org/simple" }
sdist = { url = "https://files.pythonhosted.org/packages/dc/76/3af777226b63a5e64a6b36b1ec5855c14e2b94a37096d4760e595fc43511/networkx-3.7.tar.gz", hash = "sha256:fd77a511bd90f39f3d016351345b52cf5319b813bdca01de3f755d3cca62e96a", size = 1866482, upload-time = "2026-09-21T16:45:16.974Z" }
wheels = [
    { url = "https://files.pythonhosted.org/packages/7e/cd/fe58041e9011f307c490e3e17dd48cc516448f7c698a3f2d9d9d65d7e6a8/networkx-3.7-py3-none-any.whl", hash = "sha256:e3fd2c13a7814cee3746340d8d7f8598a67f16a58bf47fb7f8793fab6efca1b0", size = 2142205, upload-time = "2026-09-21T16:45:14.609Z" },
]

[[package]]
name = "pathspec"
version = "1.1.1"
source = { registry = "https://pypi.org/simple" }
sdist = { url = "https://files.pythonhosted.org/packages/5a/82/42f767fc1c1143d6fd36efb827202a2d997a375e160a71eb2888a925aac1/pathspec-1.1.1.tar.gz", hash = "sha256:17db5ecd524104a120e173814c90367a96a98d07c45b2e10c2f3919fff91bf5a", size = 135180, upload-time = "2026-04-27T01:46:08.907Z" }
wheels = [
    { url = "https://files.pythonhosted.org/packages/f1/d9/7fb5aa316bc299258e68c73ba3bddbc499654a07f151cba08f6153988714/pathspec-1.1.1-py3-none-any.whl", hash = "sha256:a00ce642f577bf7f473932318056212bc4f8bfdf53128c78bbd5af0b9b20b189", size = 57328, upload-time = "2026-04-27T01:46:07.06Z" },
]

[[package]]
name = "pyyaml"
version = "6.0.3"
source = { registry = "https://pypi.org/simple" }
sdist = { url = "https://files.pythonhosted.org/packages/05/8e/961c0007c59b8dd7729d542c61a4d537767a59645b82a0b521206e1e25c2/pyyaml-6.0.3.tar.gz", hash = "sha256:d76623373421df22fb4cf8817020cbb7ef15c725b9d5e45f17e189bfc384190f", size = 130960, upload-time = "2025-09-25T21:33:16.546Z" }
wheels = [
    { url = "https://files.pythonhosted.org/packages/9d/8c/f4bd7f6465179953d3ac9bc44ac1a8a3e6122cf8ada906b4f96c60172d43/pyyaml-6.0.3-cp314-cp314-macosx_10_13_x86_64.whl", hash = "sha256:8d1fab6bb153a416f9aeb4b8763bc0f22a5586065f86f7664fc23339fc1c1fac", size = 181814, upload-time = "2025-09-25T21:32:35.712Z" },
    { url = "https://files.pythonhosted.org/packages/bd/9c/4d95bb87eb2063d20db7b60faa3840c1b18025517ae857371c4dd55a6b3a/pyyaml-6.0.3-cp314-cp314-macosx_11_0_arm64.whl", hash = "sha256:34d5fcd24b8445fadc33f9cf348c1047101756fd760b4dacb5c3e99755703310", size = 173809, upload-time = "2025-09-25T21:32:36.789Z" },
    { url = "https://files.pythonhosted.org/packages/92/b5/47e807c2623074914e29dabd16cbbdd4bf5e9b2db9f8090fa64411fc5382/pyyaml-6.0.3-cp314-cp314-manylinux2014_aarch64.manylinux_2_17_aarch64.manylinux_2_28_aarch64.whl", hash = "sha256:501a031947e3a9025ed4405a168e6ef5ae3126c59f90ce0cd6f2bfc477be31b7", size = 766454, upload-time = "2025-09-25T21:32:37.966Z" },
    { url = "https://files.pythonhosted.org/packages/02/9e/e5e9b168be58564121efb3de6859c452fccde0ab093d8438905899a3a483/pyyaml-6.0.3-cp314-cp314-manylinux2014_s390x.manylinux_2_17_s390x.manylinux_2_28_s390x.whl", hash = "sha256:b3bc83488de33889877a0f2543ade9f70c67d66d9ebb4ac959502e12de895788", size = 836355, upload-time = "2025-09-25T21:32:39.178Z" },
    { url = "https://files.pythonhosted.org/packages/88/f9/16491d7ed2a919954993e48aa941b200f38040928474c9e85ea9e64222c3/pyyaml-6.0.3-cp314-cp314-manylinux2014_x86_64.manylinux_2_17_x86_64.manylinux_2_28_x86_64.whl", hash = "sha256:c458b6d084f9b935061bc36216e8a69a7e293a2f1e68bf956dcd9e6cbcd143f5", size = 794175, upload-time = "2025-09-25T21:32:40.865Z" },
    { url = "https://files.pythonhosted.org/packages/dd/3f/5989debef34dc6397317802b527dbbafb2b4760878a53d4166579111411e/pyyaml-6.0.3-cp314-cp314-musllinux_1_2_aarch64.whl", hash = "sha256:7c6610def4f163542a622a73fb39f534f8c101d690126992300bf3207eab9764", size = 755228, upload-time = "2025-09-25T21:32:42.084Z" },
    { url = "https://files.pythonhosted.org/packages/d7/ce/af88a49043cd2e265be63d083fc75b27b6ed062f5f9fd6cdc223ad62f03e/pyyaml-6.0.3-cp314-cp314-musllinux_1_2_x86_64.whl", hash = "sha256:5190d403f121660ce8d1d2c1bb2ef1bd05b5f68533fc5c2ea899bd15f4399b35", size = 789194, upload-time = "2025-09-25T21:32:43.362Z" },
    { url = "https://files.pythonhosted.org/packages/23/20/bb6982b26a40bb43951265ba29d4c246ef0ff59c9fdcdf0ed04e0687de4d/pyyaml-6.0.3-cp314-cp314-win_amd64.whl", hash = "sha256:4a2e8cebe2ff6ab7d1050ecd59c25d4c8bd7e6f400f5f82b96557ac0abafd0ac", size = 156429, upload-time = "2025-09-25T21:32:57.844Z" },
    { url = "https://files.pythonhosted.org/packages/f4/f4/a4541072bb9422c8a883ab55255f918fa378ecf083f5b85e87fc2b4eda1b/pyyaml-6.0.3-cp314-cp314-win_arm64.whl", hash = "sha256:93dda82c9c22deb0a405ea4dc5f2d0cda384168e466364dec6255b293923b2f3", size = 143912, upload-time = "2025-09-25T21:32:59.247Z" },
    { url = "https://files.pythonhosted.org/packages/7c/f9/07dd09ae774e4616edf6cda684ee78f97777bdd15847253637a6f052a62f/pyyaml-6.0.3-cp314-cp314t-macosx_10_13_x86_64.whl", hash = "sha256:02893d100e99e03eda1c8fd5c441d8c60103fd175728e23e431db1b589cf5ab3", size = 189108, upload-time = "2025-09-25T21:32:44.377Z" },
    { url = "https://files.pythonhosted.org/packages/4e/78/8d08c9fb7ce09ad8c38ad533c1191cf27f7ae1effe5bb9400a46d9437fcf/pyyaml-6.0.3-cp314-cp314t-macosx_11_0_arm64.whl", hash = "sha256:c1ff362665ae507275af2853520967820d9124984e0f7466736aea23d8611fba", size = 183641, upload-time = "2025-09-25T21:32:45.407Z" },
    { url = "https://files.pythonhosted.org/packages/7b/5b/3babb19104a46945cf816d047db2788bcaf8c94527a805610b0289a01c6b/pyyaml-6.0.3-cp314-cp314t-manylinux2014_aarch64.manylinux_2_17_aarch64.manylinux_2_28_aarch64.whl", hash = "sha256:6adc77889b628398debc7b65c073bcb99c4a0237b248cacaf3fe8a557563ef6c", size = 831901, upload-time = "2025-09-25T21:32:48.83Z" },
    { url = "https://files.pythonhosted.org/packages/8b/cc/dff0684d8dc44da4d22a13f35f073d558c268780ce3c6ba1b87055bb0b87/pyyaml-6.0.3-cp314-cp314t-manylinux2014_s390x.manylinux_2_17_s390x.manylinux_2_28_s390x.whl", hash = "sha256:a80cb027f6b349846a3bf6d73b5e95e782175e52f22108cfa17876aaeff93702", size = 861132, upload-time = "2025-09-25T21:32:50.149Z" },
    { url = "https://files.pythonhosted.org/packages/b1/5e/f77dc6b9036943e285ba76b49e118d9ea929885becb0a29ba8a7c75e29fe/pyyaml-6.0.3-cp314-cp314t-manylinux2014_x86_64.manylinux_2_17_x86_64.manylinux_2_28_x86_64.whl", hash = "sha256:00c4bdeba853cc34e7dd471f16b4114f4162dc03e6b7afcc2128711f0eca823c", size = 839261, upload-time = "2025-09-25T21:32:51.808Z" },
    { url = "https://files.pythonhosted.org/packages/ce/88/a9db1376aa2a228197c58b37302f284b5617f56a5d959fd1763fb1675ce6/pyyaml-6.0.3-cp314-cp314t-musllinux_1_2_aarch64.whl", hash = "sha256:66e1674c3ef6f541c35191caae2d429b967b99e02040f5ba928632d9a7f0f065", size = 805272, upload-time = "2025-09-25T21:32:52.941Z" },
    { url = "https://files.pythonhosted.org/packages/da/92/1446574745d74df0c92e6aa4a7b0b3130706a4142b2d1a5869f2eaa423c6/pyyaml-6.0.3-cp314-cp314t-musllinux_1_2_x86_64.whl", hash = "sha256:16249ee61e95f858e83976573de0f5b2893b3677ba71c9dd36b9cf8be9ac6d65", size = 829923, upload-time = "2025-09-25T21:32:54.537Z" },
    { url = "https://files.pythonhosted.org/packages/f0/7a/1c7270340330e575b92f397352af856a8c06f230aa3e76f86b39d01b416a/pyyaml-6.0.3-cp314-cp314t-win_amd64.whl", hash = "sha256:4ad1906908f2f5ae4e5a8ddfce73c320c2a1429ec52eafd27138b7f1cbe341c9", size = 174062, upload-time = "2025-09-25T21:32:55.767Z" },
    { url = "https://files.pythonhosted.org/packages/f1/12/de94a39c2ef588c7e6455cfbe7343d3b2dc9d6b6b2f40c4c6565744c873d/pyyaml-6.0.3-cp314-cp314t-win_arm64.whl", hash = "sha256:ebc55a14a21cb14062aa4162f906cd962b28e2e9ea38f9b4391244cd8de4ae0b", size = 149341, upload-time = "2025-09-25T21:32:56.828Z" },
]

[[package]]
name = "regex"
version = "2026.9.29"
source = { registry = "https://pypi.org/simple" }
sdist = { url = "https://files.pythonhosted.org/packages/fc/f2/af1da9d3ceed77bfcdce40427d49ba0be94e4fe84245e3bfef68c10e75b6/regex-2026.9.29.tar.gz", hash = "sha256:8b5fcc4771732191b2b7d1dd68d8f0353f47f8d90b6150f6dce58bf1112442cb", size = 419199, upload-time = "2026-09-29T00:49:58.298Z" }
wheels = [
    { url = "https://files.pythonhosted.org/packages/93/1f/d9dc6f02f569625faf67a4daec926cd5023472dcd69bb44286dccd5a5ab3/regex-2026.9.29-cp314-cp314-macosx_10_15_universal2.whl", hash = "sha256:957bb708e8057ab1649ba566456429d691ec9b90d1c9ad1af1ba7ffbbeaf05f2", size = 497598, upload-time = "2026-09-29T00:47:36.541Z" },
    { url = "https://files.pythonhosted.org/packages/9c/83/9b693a3fd1451381e812031a8961ec5b3b8f0c8cc6871f14c5223642804d/regex-2026.9.29-cp314-cp314-macosx_10_15_x86_64.whl", hash = "sha256:c9b602fae1e00b7c035d661ce85575365719192a7b46784bd71cf64c68053aa0", size = 296250, upload-time = "2026-09-29T00:47:38.233Z" },
    { url = "https://files.pythonhosted.org/packages/dd/5f/52bc2abc3fef040cd9de76ab29c918d6a717a454ae2b9dd7938b0c95656d/regex-2026.9.29-cp314-cp314-macosx_11_0_arm64.whl", hash = "sha256:0166844493626c5015c6088ee15c9ca2fd060ca15b7641d1657da6a58432ae33", size = 293518, upload-time = "2026-09-29T00:47:39.957Z" },
    { url = "https://files.pythonhosted.org/packages/dc/fc/cf50671215ee0057046980b4571ef8646a005819bb67f0957e779ed107a5/regex-2026.9.29-cp314-cp314-manylinux2014_aarch64.manylinux_2_17_aarch64.manylinux_2_28_aarch64.whl", hash = "sha256:b97a38fb4c732b6832db6bf108963adbcd82ef1268ba2025dce390f45af75efa", size = 806037, upload-time = "2026-09-29T00:47:41.676Z" },
    { url = "https://files.pythonhosted.org/packages/14/4b/dddef8fc15c63e4347cc9efb138d0cd306f30e6c98acbcc81a8f780083b9/regex-2026.9.29-cp314-cp314-manylinux2014_ppc64le.manylinux_2_17_ppc64le.manylinux_2_28_ppc64le.whl", hash = "sha256:a540abfab208e1b7ef2df231c40ef3b6cbb30a0aad6204e9b6a81c10a6794628", size = 878881, upload-time = "2026-09-29T00:47:43.755Z" },
    { url = "https://files.pythonhosted.org/packages/9f/cb/38daabed32d28f7e58a06e9344ce00dc67952e9996bc578ed6a29fe1240e/regex-2026.9.29-cp314-cp314-manylinux2014_s390x.manylinux_2_17_s390x.manylinux_2_28_s390x.whl", hash = "sha256:ddfa987262763c3c22a8367d2a49c244b018a74c3a8e3ab1a864119ad45c5633", size = 918684, upload-time = "2026-09-29T00:47:45.594Z" },
    { url = "https://files.pythonhosted.org/packages/a9/4d/041d9458a645fee4fce4d642a89d27271a3cfcd91095104f6dde44da70bf/regex-2026.9.29-cp314-cp314-manylinux2014_x86_64.manylinux_2_17_x86_64.manylinux_2_28_x86_64.whl", hash = "sha256:2f7f7aa47b229f2b39a2ae2596d2ad5625d77b5eb9856fac2dab3eb506cdd0a0", size = 807176, upload-time = "2026-09-29T00:47:47.372Z" },
    { url = "https://files.pythonhosted.org/packages/bf/c4/4383eed7aa5aef67616cb1b3f3ad06b7c624c4e6cced48630cd5ce133d85/regex-2026.9.29-cp314-cp314-manylinux_2_31_riscv64.manylinux_2_39_riscv64.whl", hash = "sha256:d9b77b25b4f395f92de6099ab08e8ae2bc7e51dfe157f22900902243a5cc90c7", size = 784315, upload-time = "2026-09-29T00:47:49.518Z" },
    { url = "https://files.pythonhosted.org/packages/5c/a6/0086ad31cebb183c637d3198547075aa493afde308e1ff61fccccb29ba6e/regex-2026.9.29-cp314-cp314-musllinux_1_2_aarch64.whl", hash = "sha256:34b6925af9853bf461950e6508910f179fd6e9b1a7ec8548e069606b7e51a26b", size = 793748, upload-time = "2026-09-29T00:47:51.279Z" },
    { url = "https://files.pythonhosted.org/packages/d5/a0/f9005cba3f629a859573fc5d1224ea4e1f97919ec8581d018e03a351a604/regex-2026.9.29-cp314-cp314-musllinux_1_2_ppc64le.whl", hash = "sha256:addd736a0547d553283adaf4e05d7104e7f2c7b0b092e9b4d28756825f14531f", size = 870302, upload-time = "2026-09-29T00:47:53.368Z" },
    { url = "https://files.pythonhosted.org/packages/01/4f/e1a3e46bb5315a4e18b01a990e7a28e2a16595609d50c442baf2815a3c65/regex-2026.9.29-cp314-cp314-musllinux_1_2_riscv64.whl", hash = "sha256:fe3fa1dd453ed5c7f5ea23a26218329790ed7197a99b90e94330e313959a7f52", size = 770299, upload-time = "2026-09-29T00:47:55.606Z" },
    { url = "https://files.pythonhosted.org/packages/2c/fe/f303b4acfda44e1ff1379368748c1ef2dad04a6a8e9c0ecbc970b19d97ca/regex-2026.9.29-cp314-cp314-musllinux_1_2_s390x.whl", hash = "sha256:0cc63b5e47c12a48d90c7e9d7de6a035dd14f62868aaedbb4e0ff8ba2b8bfe7b", size = 861570, upload-time = "2026-09-29T00:47:57.617Z" },
    { url = "https://files.pythonhosted.org/packages/60/b6/b4f7e99249f596017c60ccad5faf9310fc8e3e59bb2244940a90a1b0bdff/regex-2026.9.29-cp314-cp314-musllinux_1_2_x86_64.whl", hash = "sha256:724184b4aafed865e4f13ca313fdcb43024300c028ec67319cfa16847d84685e", size = 795967, upload-time = "2026-09-29T00:47:59.922Z" },
    { url = "https://files.pythonhosted.org/packages/fb/d3/fc865a4638d9f6762192b6bab5b7aa1f33a90e9e99578c2e111e2a63c8c3/regex-2026.9.29-cp314-cp314-win32.whl", hash = "sha256:c6c8fabf1dafc1f1ddcbb67896d3f93efb092e8c4b6322d7389b944e76a484e5", size = 274758, upload-time = "2026-09-29T00:48:01.8Z" },
    { url = "https://files.pythonhosted.org/packages/31/e2/c2b466924ccbeb874862968ca638051b15a8fd29d994a0e99004a5cbf78e/regex-2026.9.29-cp314-cp314-win_amd64.whl", hash = "sha256:1c2a0026062abcc321a53db4a185ceba0b59a66b5d37b0808917a88b55a5257f", size = 283817, upload-time = "2026-09-29T00:48:03.614Z" },
    { url = "https://files.pythonhosted.org/packages/c6/42/ea0f8dbaa924fa75c6338935eaee2f44dab369b27f02db1e03d74344b049/regex-2026.9.29-cp314-cp314-win_arm64.whl", hash = "sha256:121a76a0985db80ceae9e171c337f8c927868e37d01b54e3ce87bc87f9c6a208", size = 283663, upload-time = "2026-09-29T00:48:05.624Z" },
    { url = "https://files.pythonhosted.org/packages/44/48/d58e5081119f5c223bbb37d2340acde3d069e1df8e8cd166c37502eee4da/regex-2026.9.29-cp314-cp314t-macosx_10_15_universal2.whl", hash = "sha256:e31f72490b7c12f7790e1e25c3afffd20503ee1bfb43461d7838b871ff244b19", size = 501393, upload-time = "2026-09-29T00:48:07.833Z" },
    { url = "https://files.pythonhosted.org/packages/72/3c/c49945287d4f9efee7d41f98072f8ad880efb8f430595a612fbdea996a4e/regex-2026.9.29-cp314-cp314t-macosx_10_15_x86_64.whl", hash = "sha256:80ea96f5c1a30bf09007d48466521d9c294bebe197c708c3359096e3e3691632", size = 298237, upload-time = "2026-09-29T00:48:09.684Z" },
    { url = "https://files.pythonhosted.org/packages/f9/1f/688cb61c3d4cf7bcc1ed444b5cc49399eba3e51c469ae285cf87fea3022e/regex-2026.9.29-cp314-cp314t-macosx_11_0_arm64.whl", hash = "sha256:554bffadcbcb6d5f4e5fb10a61cc52084b9a63d1dab5f10bcd2c4343972e8e2c", size = 295936, upload-time = "2026-09-29T00:48:11.454Z" },
    { url = "https://files.pythonhosted.org/packages/26/a3/de43ac6b877b7d09c19a3a426b1bd5acdd209eaaf68f406466f80439ccf6/regex-2026.9.29-cp314-cp314t-manylinux2014_aarch64.manylinux_2_17_aarch64.manylinux_2_28_aarch64.whl", hash = "sha256:864e9b87ac33c3fb9fb4ad48166d4fdb579c351d5c77deb0d34bccb36a775cd9", size = 816905, upload-time = "2026-09-29T00:48:13.321Z" },
    { url = "https://files.pythonhosted.org/packages/62/14/9940763201c51d537786304984c67d0fc3d2ed18837ffb6f09a869f6b6c9/regex-2026.9.29-cp314-cp314t-manylinux2014_ppc64le.manylinux_2_17_ppc64le.manylinux_2_28_ppc64le.whl", hash = "sha256:044265d77d94f5e3cb2fd72c76723807c429cb8c533e9d4672d0334a6f14f588", size = 881527, upload-time = "2026-09-29T00:48:15.313Z" },
    { url = "https://files.pythonhosted.org/packages/d3/e1/c842d8df0b23245ebf202f8ab9c39fd48e2db39959454ec39a41c8c72082/regex-2026.9.29-cp314-cp314t-manylinux2014_s390x.manylinux_2_17_s390x.manylinux_2_28_s390x.whl", hash = "sha256:2089fe39c406784d90101c726755ffa1497bb74638fd434300d2b88006186de8", size = 923115, upload-time = "2026-09-29T00:48:17.328Z" },
    { url = "https://files.pythonhosted.org/packages/d8/c1/98622479e3c354a446a75232e522d747d2b3df23092dcd8a5309380a2020/regex-2026.9.29-cp314-cp314t-manylinux2014_x86_64.manylinux_2_17_x86_64.manylinux_2_28_x86_64.whl", hash = "sha256:0def9fb6abac55492d6d51cddb7225d07d6f279e774e0adc08569a54a5fc8d46", size = 820674, upload-time = "2026-09-29T00:48:19.32Z" },
    { url = "https://files.pythonhosted.org/packages/6c/d0/5808c95f9c79ed27b5eedaafc3df6239ec56a49f2e23ea8f831b18427c82/regex-2026.9.29-cp314-cp314t-manylinux_2_31_riscv64.manylinux_2_39_riscv64.whl", hash = "sha256:888d60953908dcf761aa320c3e390ab8556efbdb551ace63921de90f6ae0848d", size = 793306, upload-time = "2026-09-29T00:48:21.615Z" },
    { url = "https://files.pythonhosted.org/packages/bf/d3/021ca2638671ad20603bcd9b4d5bfa35d2610cd216a043ea7f0b44ea39f6/regex-2026.9.29-cp314-cp314t-musllinux_1_2_aarch64.whl", hash = "sha256:ed511a0708e2297e1d6431e7fb217e3402791e491e02da800658ace4973df1bb", size = 803103, upload-time = "2026-09-29T00:48:23.871Z" },
    { url = "https://files.pythonhosted.org/packages/6b/2d/755c6d13ef9c657378013676c391c7a402166b3f419a464a3e058dcbe533/regex-2026.9.29-cp314-cp314t-musllinux_1_2_ppc64le.whl", hash = "sha256:e1172147d28d8fbcf8cb8d26c41506169f5ad8fe9ec969cb116835a19d4d8eca", size = 872175, upload-time = "2026-09-29T00:48:26.255Z" },
    { url = "https://files.pythonhosted.org/packages/6c/fc/e1cab183b9dafe8597f58c1c766da9bf96204d3b2f232bcf3eeb75ff7b6c/regex-2026.9.29-cp314-cp314t-musllinux_1_2_riscv64.whl", hash = "sha256:92f05c9c42bde5785dc48770bc2194d9f7442544156f951e19cd31b096cec562", size = 777362, upload-time = "2026-09-29T00:48:28.389Z" },
    { url = "https://files.pythonhosted.org/packages/06/7c/e10ea17fba31fb4a1f9d13ed53a2d2a9066a2aea58d7557e263f6d99e7b0/regex-2026.9.29-cp314-cp314t-musllinux_1_2_s390x.whl", hash = "sha256:f37964e4a5e993d2fd45147741e9dff7f34a2d8c00ab94c4ea0514a4677f959e", size = 865606, upload-time = "2026-09-29T00:48:30.4Z" },
    { url = "https://files.pythonhosted.org/packages/8e/6e/69824d9aee1fd41c54ea7264654a47c8d9d84d8a228e11c2bcf4c201ed81/regex-2026.9.29-cp314-cp314t-musllinux_1_2_x86_64.whl", hash = "sha256:951733b1bbdb71e377cec567b409f1a7881b47cfcad84121aa74cb575fa425ea", size = 807945, upload-time = "2026-09-29T00:48:32.375Z" },
    { url = "https://files.pythonhosted.org/packages/89/22/857050a86e21ce60193e02a8ef662521f2e263a645c8b1b905fc136b61a7/regex-2026.9.29-cp314-cp314t-win32.whl", hash = "sha256:65b408d8fcb273e3499e7ef2ce796810da1becd208c7fb4373692a242d79d461", size = 276758, upload-time = "2026-09-29T00:48:34.72Z" },
    { url = "https://files.pythonhosted.org/packages/4d/96/56808fe029553d7d4c703414f2a527faad2ea2bfa9ca094a2e7f8762b530/regex-2026.9.29-cp314-cp314t-win_amd64.whl", hash = "sha256:bf48516e35cf848390ea68850aba53e7c333720d2945b4d2c25b69fc5171723f", size = 286527, upload-time = "2026-09-29T00:48:36.864Z" },
    { url = "https://files.pythonhosted.org/packages/01/aa/074e2cfb3d8101a6a764aba5f7c5d1e21de087483e35bdc0c4ce2eb60364/regex-2026.9.29-cp314-cp314t-win_arm64.whl", hash = "sha256:9173db3be74a35cb6731701094b98120f7ee4876a287882a59cdea1fa7da342f", size = 285954, upload-time = "2026-09-29T00:48:38.901Z" },
    { url = "https://files.pythonhosted.org/packages/a7/dc/d84990386c9dfdf8c377f00f371b241fdc9a2c8aea0e3d66941b2e51be0b/regex-2026.9.29-cp315-cp315-macosx_10_15_universal2.whl", hash = "sha256:c3589f40749acce747510bf5d589d54e376cb0930ea58b35effac97e5312b0c1", size = 497836, upload-time = "2026-09-29T00:48:40.858Z" },
    { url = "https://files.pythonhosted.org/packages/c2/ab/a569ebde875fa12ff8c6c9a30e07503620f195e4be4d54c3d3ee8eecc283/regex-2026.9.29-cp315-cp315-macosx_10_15_x86_64.whl", hash = "sha256:32ab11df9677ca80bcbb5fe4eb1da9109a5019239a054836efc6fa1c64e683cf", size = 296244, upload-time = "2026-09-29T00:48:42.952Z" },
    { url = "https://files.pythonhosted.org/packages/f3/3e/7d548e82a108e7c8b2d5246650e397a2f8db599f9b2e975466939c5b4e70/regex-2026.9.29-cp315-cp315-macosx_11_0_arm64.whl", hash = "sha256:7c03031610e3e6ed1768a2b7a8fc84637c1257b50c5eacaf094c6e17a84fc563", size = 293748, upload-time = "2026-09-29T00:48:44.985Z" },
    { url = "https://files.pythonhosted.org/packages/40/34/a8e19a52f452bbb07b32a2bef70dcdf90c2737049749f74cc12d7486fb4f/regex-2026.9.29-cp315-cp315-manylinux2014_aarch64.manylinux_2_17_aarch64.manylinux_2_28_aarch64.whl", hash = "sha256:42e82e578c904445d4c8a35b8f28052cf567593215fa5db06266fbc6f77aaa2e", size = 807840, upload-time = "2026-09-29T00:48:46.948Z" },
    { url = "https://files.pythonhosted.org/packages/88/7b/11fbd4640b3bb82b72822a63c20ade4013d562d291703a9debeedc24e682/regex-2026.9.29-cp315-cp315-manylinux2014_ppc64le.manylinux_2_17_ppc64le.manylinux_2_28_ppc64le.whl", hash = "sha256:0b65c72739f981377c9c22e0c5c3cd7f42da7bd8a3c9209330fac772c7d893ed", size = 879330, upload-time = "2026-09-29T00:48:49.168Z" },
    { url = "https://files.pythonhosted.org/packages/f3/55/de58c74f1f4e31586d83eb39c56872d686c4e0d0966d151884c833b94ced/regex-2026.9.29-cp315-cp315-manylinux2014_s390x.manylinux_2_17_s390x.manylinux_2_28_s390x.whl", hash = "sha256:4408b2b27a95ca8cc48b7411945753773353b5c93b307754781086c99d3a576f", size = 919251, upload-time = "2026-09-29T00:48:51.322Z" },
    { url = "https://files.pythonhosted.org/packages/81/42/a8c480f6dd5ac59fa28ddae79afd9d7ac7e596fdb61813adc65bb6e674b8/regex-2026.9.29-cp315-cp315-manylinux2014_x86_64.manylinux_2_17_x86_64.manylinux_2_28_x86_64.whl", hash = "sha256:a714befaacbd10092ffe4cea0d3c5f008fb9efe9bc322c715bcdfdee414b9a3d", size = 808808, upload-time = "2026-09-29T00:48:53.529Z" },
    { url = "https://files.pythonhosted.org/packages/68/60/0bc0d1ec8b37ad64be6fa30e035251f11de9667a0fac9e82ee74517d81be/regex-2026.9.29-cp315-cp315-manylinux_2_31_riscv64.manylinux_2_39_riscv64.whl", hash = "sha256:33026515aebc0e70d1c89978e53e8d695d35d9e472f8d5b34465ba3c74028650", size = 789907, upload-time = "2026-09-29T00:48:56.036Z" },
    { url = "https://files.pythonhosted.org/packages/da/84/116a3ef19b3acfe81077f0bf2cbc7714a5e94bc8935b7243ab61cb0f1c3c/regex-2026.9.29-cp315-cp315-musllinux_1_2_aarch64.whl", hash = "sha256:31b003f9a070335e2a8233ee9b14a3ca8e6d792012ae011f741bf0aaf11744c5", size = 795770, upload-time = "2026-09-29T00:48:58.284Z" },
    { url = "https://files.pythonhosted.org/packages/96/ba/e38c3f203e7e7e18c957d48e6cb6dbf96c11e95a44efa4a480522afc5d6d/regex-2026.9.29-cp315-cp315-musllinux_1_2_ppc64le.whl", hash = "sha256:c03c6eb6ece86dfdcbb34799efaa339b093132e1aceed491ba5e08fe06cdf699", size = 870671, upload-time = "2026-09-29T00:49:00.506Z" },
    { url = "https://files.pythonhosted.org/packages/2f/0f/9ee0b0cb76c55f63684bd7fff554978e8773b4fc86e2bcb2d50772dc1086/regex-2026.9.29-cp315-cp315-musllinux_1_2_riscv64.whl", hash = "sha256:a5300757f8a68f5b6cc33f57338d72a0e3589c5cc9ad5f8504ea06f028be582a", size = 778631, upload-time = "2026-09-29T00:49:02.984Z" },
    { url = "https://files.pythonhosted.org/packages/b6/19/e6e3eeb226af5872c4958002f6edef4e4f40ea4cc5f5665023f2019eb045/regex-2026.9.29-cp315-cp315-musllinux_1_2_s390x.whl", hash = "sha256:80c7cadd3fd2bfde5df8aa0787e315812cad0c313a753095d02f4c2b6c01677b", size = 862187, upload-time = "2026-09-29T00:49:05.264Z" },
    { url = "https://files.pythonhosted.org/packages/5b/62/823c102e106bb2711d6b7dfe5981552fe4467b2969c46a20c5c383cf498c/regex-2026.9.29-cp315-cp315-musllinux_1_2_x86_64.whl", hash = "sha256:3f1e6cb402a89457582cd696f982559217d13484a193202c394015297968c86d", size = 798423, upload-time = "2026-09-29T00:49:07.644Z" },
    { url = "https://files.pythonhosted.org/packages/37/e0/e927776258fa70b2f6feffc3be584ffc85ba4c1e20a320f0aee9a632fc7d/regex-2026.9.29-cp315-cp315-win32.whl", hash = "sha256:a64b85a4760337cfefdb27d42da6ed8b58e8cde3f2d57b6ef43e76ef6ea9ef47", size = 274757, upload-time = "2026-09-29T00:49:10.513Z" },
    { url = "https://files.pythonhosted.org/packages/77/04/358de85d1860238e1b4fa98fc2c80c990124a25d2e14739e28cc02c25562/regex-2026.9.29-cp315-cp315-win_amd64.whl", hash = "sha256:b3e445b66c80b4eb4234e855ce94d9adc183eedbd632816228d89930b91b2c5b", size = 283824, upload-time = "2026-09-29T00:49:12.849Z" },
    { url = "https://files.pythonhosted.org/packages/92/d3/d5c5b264784a5ab2b0f8cf620c1eeb4dbf3440d306761905e7d99345bef5/regex-2026.9.29-cp315-cp315-win_arm64.whl", hash = "sha256:8f39588af4731c8923c26810eb3b33f76f17633985e40f59c3cd45a33805a895", size = 283664, upload-time = "2026-09-29T00:49:15.331Z" },
    { url = "https://files.pythonhosted.org/packages/02/dc/f63ec2c201445ce1150fe780f5c56f16a10124d9a9da3a93161dbb0d8892/regex-2026.9.29-cp315-cp315t-macosx_10_15_universal2.whl", hash = "sha256:fb99cc9d45f48895d9d67f6a0b8a57f08d39c174d9f25ad97a313e0470267b1c", size = 501549, upload-time = "2026-09-29T00:49:17.705Z" },
    { url = "https://files.pythonhosted.org/packages/9a/5c/d2a698dc6bfc11fbce03f1cb0249c13284e93b79ed11f893edf6fac431c9/regex-2026.9.29-cp315-cp315t-macosx_10_15_x86_64.whl", hash = "sha256:720537c7ea6f80dc61913184edb0ce2497a306b39ef19f28505b322553d52bdb", size = 298187, upload-time = "2026-09-29T00:49:20.171Z" },
    { url = "https://files.pythonhosted.org/packages/85/b7/88dcdb38cd3935d4ee9e9ce9b8e56cb3b3518d1f020acfa7dd62ad289bf8/regex-2026.9.29-cp315-cp315t-macosx_11_0_arm64.whl", hash = "sha256:0fd2c901cc307a745ad4bc87f20060d7a0825a3371d1e93488af22e7a387f78f", size = 296157, upload-time = "2026-09-29T00:49:22.342Z" },
    { url = "https://files.pythonhosted.org/packages/d3/8e/ba6c01dde33a69fc294b38b43f6677baaa5735a6248f39708031a738158a/regex-2026.9.29-cp315-cp315t-manylinux2014_aarch64.manylinux_2_17_aarch64.manylinux_2_28_aarch64.whl", hash = "sha256:b11b589e00095ec69cf79841a76360f9b079e95b0368a25b5ebb951ab0c157ff", size = 818468, upload-time = "2026-09-29T00:49:24.612Z" },
    { url = "https://files.pythonhosted.org/packages/2a/f1/2586693e3a2d6b1247852593d37a6c17b42a92ee44f7cdcb9a0c1494e64a/regex-2026.9.29-cp315-cp315t-manylinux2014_ppc64le.manylinux_2_17_ppc64le.manylinux_2_28_ppc64le.whl", hash = "sha256:d7cab119d0df0b9413f106b4d7fc34f2872d3574ed3806fb48959c830b1537da", size = 882825, upload-time = "2026-09-29T00:49:26.996Z" },
    { url = "https://files.pythonhosted.org/packages/30/51/084f3e7bdcd0e9c33665c938cf5d134dc3548cbb4a75f0197ec7bfd754b1/regex-2026.9.29-cp315-cp315t-manylinux2014_s390x.manylinux_2_17_s390x.manylinux_2_28_s390x.whl", hash = "sha256:b89efc38431793d28b7cd91227e2f952ad7c48df19132b17f43a5fec3c14143b", size = 923314, upload-time = "2026-09-29T00:49:29.822Z" },
    { url = "https://files.pythonhosted.org/packages/5a/f1/066c6fc23b7dc229789c21c880b5ba5ad689fb95fed12e078266f55a1f9b/regex-2026.9.29-cp315-cp315t-manylinux2014_x86_64.manylinux_2_17_x86_64.manylinux_2_28_x86_64.whl", hash = "sha256:80a5ea3b4fd9d6a5b9a44f7976a9acaaab35aa3c1f6b29e5bd857dfabaded223", size = 822222, upload-time = "2026-09-29T00:49:32.404Z" },
    { url = "https://files.pythonhosted.org/packages/0a/56/592cd46fdb8f2f8682a1d7fd1310e4d0bcb93fbd0e6bbe4141ac28240227/regex-2026.9.29-cp315-cp315t-manylinux_2_31_riscv64.manylinux_2_39_riscv64.whl", hash = "sha256:19959129885356df0e97556856f77eb2888380dac18bed075a7c05c5128c618d", size = 794882, upload-time = "2026-09-29T00:49:35.076Z" },
    { url = "https://files.pythonhosted.org/packages/ee/4d/d65384bb071c864b01aa8314e3a6a687845ebd57588390976edc960c218b/regex-2026.9.29-cp315-cp315t-musllinux_1_2_aarch64.whl", hash = "sha256:6a1a824fbed817e0a891103886b68f063b1e83cc51bc97192a90a60195a9291f", size = 805887, upload-time = "2026-09-29T00:49:37.395Z" },
    { url = "https://files.pythonhosted.org/packages/65/b6/358de0d8f40d5178e4f7e7e121cfd5b961c812b77a055d11f5079e3f8fd7/regex-2026.9.29-cp315-cp315t-musllinux_1_2_ppc64le.whl", hash = "sha256:1ba8c6a416569ce0d37e83e28a254a61dc99a419084dfb6476cea02d997f74fa", size = 872901, upload-time = "2026-09-29T00:49:39.927Z" },
    { url = "https://files.pythonhosted.org/packages/00/06/6bfded72d043240c6b52bbb5e16f639d81affbf7484b4fe2ec45f3d4afc9/regex-2026.9.29-cp315-cp315t-musllinux_1_2_riscv64.whl", hash = "sha256:446654b29bfaa30500d80947eda42cef1449dc8a87f4e3cf061cc8485d3a1f0b", size = 782970, upload-time = "2026-09-29T00:49:42.581Z" },
    { url = "https://files.pythonhosted.org/packages/5a/20/9f418a50baa78b3ed8308fcb0cc49e472dd000b7ef935a7295af202ea744/regex-2026.9.29-cp315-cp315t-musllinux_1_2_s390x.whl", hash = "sha256:bf3c49863c23a1ad6da9c30351aed6cff8d5ddbeb63c5c8420ae54e98c7d0138", size = 865441, upload-time = "2026-09-29T00:49:45.238Z" },
    { url = "https://files.pythonhosted.org/packages/2c/29/817c7eacdeaf8463123e949bd394c39ad024eea1ec38ddf5ad141da2f3bd/regex-2026.9.29-cp315-cp315t-musllinux_1_2_x86_64.whl", hash = "sha256:01000ddf0e3ffef97f2413ceb514f6313040106b6d18a03ee00a4fe35c1eb1db", size = 809431, upload-time = "2026-09-29T00:49:47.878Z" },
    { url = "https://files.pythonhosted.org/packages/63/0b/83aab3b5b739947f744135a7a3a446e25433ebc92b05e01aae197ccbfdda/regex-2026.9.29-cp315-cp315t-win32.whl", hash = "sha256:c4e38dd8f39c43a91d2410ad2b85610701b0979342c3df1d69eaf8e838c757d8", size = 276964, upload-time = "2026-09-29T00:49:50.524Z" },
    { url = "https://files.pythonhosted.org/packages/72/f2/6314b5fc68789b5dcc38885bc6e3d6986b34fb3372b7231088ee5cecaa05/regex-2026.9.29-cp315-cp315t-win_amd64.whl", hash = "sha256:e2c89e9b762c57f59d5e99ee8b20202adb892e35f8d3485741340999ca55058e", size = 286487, upload-time = "2026-09-29T00:49:53.224Z" },
    { url = "https://files.pythonhosted.org/packages/56/bc/97b2245c8c7b2dd01f2db74f2bea003cd33c15009b4996a2447f46b5325c/regex-2026.9.29-cp315-cp315t-win_arm64.whl", hash = "sha256:e8c65ef3862a8ad6e86492b6ed9327805dd66904c012bd3649dc67d822ed6c34", size = 285955, upload-time = "2026-09-29T00:49:55.655Z" },
]

[[package]]
name = "sympy"
version = "1.14.0"
source = { registry = "https://pypi.org/simple" }
dependencies = [
    { name = "mpmath" },
]
sdist = { url = "https://files.pythonhosted.org/packages/83/d3/803453b36afefb7c2bb238361cd4ae6125a569b4db67cd9e79846ba2d68c/sympy-1.14.0.tar.gz", hash = "sha256:d3d3fe8df1e5a0b42f0e7bdf50541697dbe7d23746e894990c030e2b05e72517", size = 7793921, upload-time = "2025-04-27T18:05:01.611Z" }
wheels = [
    { url = "https://files.pythonhosted.org/packages/a2/09/77d55d46fd61b4a135c444fc97158ef34a095e5681d0a6c10b75bf356191/sympy-1.14.0-py3-none-any.whl", hash = "sha256:e091cc3e99d2141a0ba2847328f5479b05d94a6635cb96148ccb3f34671bd8f5", size = 6299353, upload-time = "2025-04-27T18:04:59.103Z" },
]

[[package]]
name = "typing-extensions"
version = "4.16.0"
source = { registry = "https://pypi.org/simple" }
sdist = { url = "https://files.pythonhosted.org/packages/f6/cc/6253133b5bb138fc3306cebfbda2c520f545d36b5be2c7255cc528bb45d6/typing_extensions-4.16.0.tar.gz", hash = "sha256:dc983d19a509c94dba722ee6abd33940f7c05a89e243c47e907eb4db6f1a43e5", size = 113555, upload-time = "2026-07-02T08:40:05.92Z" }
wheels = [
    { url = "https://files.pythonhosted.org/packages/49/d3/b8441a820a491ddfc024b0b0cf0393375b75ea13866d9c66727e54c2fc80/typing_extensions-4.16.0-py3-none-any.whl", hash = "sha256:481caa481374e813c1b176ada14e97f1f67a4539ce9cfeb3f350d78d6370c2e8", size = 45571, upload-time = "2026-07-02T08:40:04.659Z" },
]

[[package]]
name = "uv"
version = "0.12.22"
source = { registry = "https://pypi.org/simple" }
sdist = { url = "https://files.pythonhosted.org/packages/88/60/22b731e4b3e6bfb7ea41fc7c0ace0acd740f92d4aaec5106bce1486dab3c/uv-0.12.22.tar.gz", hash = "sha256:40f6afd2a67d7ad0c58d7a05e9c0a58a30d333e924e3b9e9941af19bd044326a", size = 7169620, upload-time = "2026-10-02T00:17:28.742Z" }
wheels = [
    { url = "https://files.pythonhosted.org/packages/ed/3d/f5f00c69b70a01631a40f5fd76539da5db6bcf5a367e34badfa094bf77a9/uv-0.12.22-py3-none-linux_armv6l.whl", hash = "sha256:3e1e70abbeeb85ad6589e9b8c2cee2785782a26ec220705b60ac8d3d802deb83", size = 22741688, upload-time = "2026-10-02T00:16:32.58Z" },
    { url = "https://files.pythonhosted.org/packages/4e/91/e1a20a1ed3aacbaae212cf827d05197dd65f8119f29fcddc8df167a9c98a/uv-0.12.22-py3-none-macosx_10_12_x86_64.whl", hash = "sha256:0247b8795348fe16fec7d143b2e4d91a953e69644993a557bb5238b9f53b6a28", size = 21435736, upload-time = "2026-10-02T00:16:35.646Z" },
    { url = "https://files.pythonhosted.org/packages/1d/89/f147b5070d243f4fa5502c82ba9ec0194fa2bc01ebe3d61445e3710cb33d/uv-0.12.22-py3-none-macosx_11_0_arm64.whl", hash = "sha256:72516e1edef5950b556bdaf3b382f537e4249e06362378daa811a6eefc165a14", size = 17131195, upload-time = "2026-10-02T00:16:38.412Z" },
    { url = "https://files.pythonhosted.org/packages/d0/ba/2d03d27e791f822cc6889b5d71cb6223136aaa6e3897ef01d923294148b2/uv-0.12.22-py3-none-manylinux_2_17_aarch64.manylinux2014_aarch64.musllinux_1_1_aarch64.whl", hash = "sha256:972cb556d34372f4c19f5c8bba246c92c5a8bfda3f30b2a5b8e12fddd81ba441", size = 22169247, upload-time = "2026-10-02T00:16:42.005Z" },
    { url = "https://files.pythonhosted.org/packages/cc/d3/89379a7d9c9d57bcf36441a6e9b43a147e96ed62f3f5b7cb95ee2185d920/uv-0.12.22-py3-none-manylinux_2_17_armv7l.manylinux2014_armv7l.musllinux_1_1_armv7l.whl", hash = "sha256:0621be2adfedf7673e46a708b1c781b0e4c61e715e33b3196ad32afffcc5aef6", size = 22238450, upload-time = "2026-10-02T00:16:45.262Z" },
    { url = "https://files.pythonhosted.org/packages/76/00/c491f1f156d269d80a1bb64e2957d21f1bd7f6df9b6502cfd2f36b883ece/uv-0.12.22-py3-none-manylinux_2_17_armv7l.manylinux2014_armv7l.whl", hash = "sha256:53992ea1a64344bc887e3aec8d016488b9f185d96d881ea8e4e2a8ab0a259a39", size = 22269643, upload-time = "2026-10-02T00:16:48.149Z" },
    { url = "https://files.pythonhosted.org/packages/ee/ae/90c45c04ca92fc7e6b88ab1e0667d1fc88d437dd8f087bdc7638962c1ee3/uv-0.12.22-py3-none-manylinux_2_17_i686.manylinux2014_i686.whl", hash = "sha256:82911ca7a8310181f382a8f614f00a45f0403561e2aa92aa135c1fa773b0fc44", size = 23118309, upload-time = "2026-10-02T00:16:51.32Z" },
    { url = "https://files.pythonhosted.org/packages/04/04/3761882501777af81d6d7fc218e84785d94b0db41a0c83c78a4cddb279df/uv-0.12.22-py3-none-manylinux_2_17_ppc64le.manylinux2014_ppc64le.whl", hash = "sha256:db53a974617ca520cfdbf95fbbcd9cf5ab95016d601c1ecf788295c01053b8d6", size = 24339615, upload-time = "2026-10-02T00:16:54.459Z" },
    { url = "https://files.pythonhosted.org/packages/33/81/af3739dec358559a6ebbb6332dd560f0dc09e21a49f6cce62b7d730725bf/uv-0.12.22-py3-none-manylinux_2_17_s390x.manylinux2014_s390x.whl", hash = "sha256:6acf7c5e4c28075c074a104953d61f48fef05e0075d9eb4180e5e6430e4eacfa", size = 23999149, upload-time = "2026-10-02T00:16:57.84Z" },
    { url = "https://files.pythonhosted.org/packages/7a/b0/4cceeef80da0e8627bf3afb628930d5ea8e857f9c2aacbcda8598a5b82aa/uv-0.12.22-py3-none-manylinux_2_17_x86_64.manylinux2014_x86_64.whl", hash = "sha256:680769ef701922dd93426b73476073411941f51ac46991a6e5c5a6efbf68a713", size = 20587257, upload-time = "2026-10-02T00:17:00.91Z" },
    { url = "https://files.pythonhosted.org/packages/a6/0a/10b6bd5f98c243fe46df223186e4ced966c8c837fc2947da1b0464b959b0/uv-0.12.22-py3-none-manylinux_2_28_aarch64.whl", hash = "sha256:04af20f84c122039c16a006b497ea25d4850543b3ac2bd879d96d36d9890bebc", size = 19826142, upload-time = "2026-10-02T00:17:03.93Z" },
    { url = "https://files.pythonhosted.org/packages/69/7f/9a6b82e0471582e8ffb7419c055d7cf6f12923c8d77898bce829e7d60075/uv-0.12.22-py3-none-manylinux_2_31_riscv64.musllinux_1_1_riscv64.whl", hash = "sha256:699c673c780037e19a623dd66d00c12853def679b5c8f383359012d582721870", size = 22685136, upload-time = "2026-10-02T00:17:07.207Z" },
    { url = "https://files.pythonhosted.org/packages/18/ab/72e99db52090241395349d59bb750b04505b9b5221a8617b054db7640bd8/uv-0.12.22-py3-none-manylinux_2_31_riscv64.whl", hash = "sha256:02774878a9c0ddc374ff1cdb7fc2dee5cd499307223c2d2f0a730274b5794546", size = 22814440, upload-time = "2026-10-02T00:17:10.372Z" },
    { url = "https://files.pythonhosted.org/packages/06/13/58b59a35c7d175fe8bd24c564710623331bedc5d750942155d4d1ea749dc/uv-0.12.22-py3-none-musllinux_1_1_i686.whl", hash = "sha256:cbfc9dab909f0e7fec63ae13e4215abd53636a5424aabc988fd4974ea124a3ad", size = 22231599, upload-time = "2026-10-02T00:17:13.564Z" },
    { url = "https://files.pythonhosted.org/packages/fc/78/d690e99b010464713adebd5df6b4f3332a46f0eb204631ba911b9f765da9/uv-0.12.22-py3-none-musllinux_1_1_x86_64.whl", hash = "sha256:31096da4ffd7d532909e046cf8acb606ad8e770019404b710a58310bec073119", size = 23480001, upload-time = "2026-10-02T00:17:16.719Z" },
    { url = "https://files.pythonhosted.org/packages/97/7b/191c13864e22cefaa668d2064f574c8c97c0e9669488d60ef308aa0b9e74/uv-0.12.22-py3-none-win32.whl", hash = "sha256:992956578af9ec09d9c9d8967527dcf43e07b43dea8aecba74a20d37087feeb2", size = 20089438, upload-time = "2026-10-02T00:17:19.84Z" },
    { url = "https://files.pythonhosted.org/packages/c0/a4/2cc0b670ac86d2cce4758126f06cc44a821a7d289e1cc73bbb485d77f135/uv-0.12.22-py3-none-win_amd64.whl", hash = "sha256:1c45b1e544901b9eef14806ad964cd1aca49338748e3d8030e41c4aed8b17b00", size = 18114353, upload-time = "2026-10-02T00:17:23.278Z" },
    { url = "https://files.pythonhosted.org/packages/d6/4b/55d7310bff10a2c92c619d610e1c4c26a44bc47b633e54aef8f7b95b3332/uv-0.12.22-py3-none-win_arm64.whl", hash = "sha256:daff5ceafdee5cb268b6d4e991ea150fcad5dff72b97d3e5b84d78d04fcf8482", size = 19172683, upload-time = "2026-10-02T00:17:26.219Z" },
]

[[package]]
name = "yamllint"
version = "1.38.0"
source = { registry = "https://pypi.org/simple" }
dependencies = [
    { name = "pathspec" },
    { name = "pyyaml" },
]
sdist = { url = "https://files.pythonhosted.org/packages/28/a0/8fc2d68e132cf918f18273fdc8a1b8432b60d75ac12fdae4b0ef5c9d2e8d/yamllint-1.38.0.tar.gz", hash = "sha256:09e5f29531daab93366bb061e76019d5e91691ef0a40328f04c927387d1d364d", size = 142446, upload-time = "2026-01-13T07:47:53.276Z" }
wheels = [
    { url = "https://files.pythonhosted.org/packages/05/92/aed08e68de6e6a3d7c2328ce7388072cd6affc26e2917197430b646aed02/yamllint-1.38.0-py3-none-any.whl", hash = "sha256:fc394a5b3be980a4062607b8fdddc0843f4fa394152b6da21722f5d59013c220", size = 68940, upload-time = "2026-01-13T07:47:51.343Z" },
]
